
Microsoft Visual Studio Solution File, Format Version 12.00
# Visual Studio 15
VisualStudioVersion = 15.0.28306.52
MinimumVisualStudioVersion = 10.0.40219.1
Project("{9A19103F-16F7-4668-BE54-9A1E7A4F7556}") = "SimpleFlowElement", "Examples\SimpleFlowElement\SimpleFlowElement.csproj", "{6C72168C-8241-4547-88C1-9F89491726EF}"
EndProject
Project("{9A19103F-16F7-4668-BE54-9A1E7A4F7556}") = "SimpleOnPremiseEngine", "Examples\SimpleOnPremiseEngine\SimpleOnPremiseEngine.csproj", "{8DDB1FC9-8469-46F3-9C1B-C39CE208F618}"
EndProject
Project("{9A19103F-16F7-4668-BE54-9A1E7A4F7556}") = "SimpleCloudEngine", "Examples\SimpleCloudEngine\SimpleCloudEngine.csproj", "{8E6AF4F6-7546-42FC-9E00-400AE3293647}"
EndProject
Project("{9A19103F-16F7-4668-BE54-9A1E7A4F7556}") = "SimpleClientSideElement", "Examples\SimpleClientSideElement\SimpleClientSideElement.csproj", "{A5F473C0-D44C-4EC3-86E7-70584ED18135}"
EndProject
Project("{9A19103F-16F7-4668-BE54-9A1E7A4F7556}") = "FiftyOne.Pipeline.Core", "FiftyOne.Pipeline.Core\FiftyOne.Pipeline.Core.csproj", "{A1255D82-8E0B-4910-8D88-A9AF0D23AFBE}"
EndProject
Project("{9A19103F-16F7-4668-BE54-9A1E7A4F7556}") = "FiftyOne.Pipeline.Engines", "FiftyOne.Pipeline.Engines\FiftyOne.Pipeline.Engines.csproj", "{E31F268C-71D1-4050-9E6F-EFFB0A4BE543}"
EndProject
Project("{9A19103F-16F7-4668-BE54-9A1E7A4F7556}") = "FiftyOne.Pipeline.CloudRequestEngine", "FiftyOne.Pipeline.CloudRequestEngine\FiftyOne.Pipeline.CloudRequestEngine.csproj", "{D48242A9-00C2-4A86-B672-37145592E2C4}"
EndProject
Project("{9A19103F-16F7-4668-BE54-9A1E7A4F7556}") = "FiftyOne.Pipeline.Web", "Web Integration\FiftyOne.Pipeline.Web\FiftyOne.Pipeline.Web.csproj", "{21B10E27-8C47-45C8-B1F2-D785E152D903}"
EndProject
Project("{2150E333-8FDC-42A3-9474-1A3956D46DE8}") = "Pipeline", "Pipeline", "{793719F3-21F8-4B2F-A472-0E5362074CAD}"
EndProject
Project("{9A19103F-16F7-4668-BE54-9A1E7A4F7556}") = "FiftyOne.Pipeline.Web.Shared", "FiftyOne.Pipeline.Web.Shared\FiftyOne.Pipeline.Web.Shared.csproj", "{D42240DF-56FE-4B86-9463-6F4867DF34A5}"
EndProject
Project("{9A19103F-16F7-4668-BE54-9A1E7A4F7556}") = "FiftyOne.Pipeline.Engines.FiftyOne", "FiftyOne.Pipeline.Engines.FiftyOne\FiftyOne.Pipeline.Engines.FiftyOne.csproj", "{28A2B578-1396-4066-B106-E9D43BA11445}"
EndProject
Project("{9A19103F-16F7-4668-BE54-9A1E7A4F7556}") = "SimpleClientSideElementMVC", "Examples\SimpleClientSideElementMVC\SimpleClientSideElementMVC.csproj", "{B9918E1A-B13E-4A8E-8C01-038F51B07837}"
EndProject
Project("{FAE04EC0-301F-11D3-BF4B-00C04F79EFBC}") = "DeveloperExamples.Test", "Examples\DeveloperExamples.Test\DeveloperExamples.Test.csproj", "{9BF0E8CB-FC38-410F-90B4-FB0EBF071A8B}"
EndProject
Global
	GlobalSection(SolutionConfigurationPlatforms) = preSolution
		Debug|Any CPU = Debug|Any CPU
		Debug|x64 = Debug|x64
		Debug|x86 = Debug|x86
		Release|Any CPU = Release|Any CPU
		Release|x64 = Release|x64
		Release|x86 = Release|x86
	EndGlobalSection
	GlobalSection(ProjectConfigurationPlatforms) = postSolution
		{6C72168C-8241-4547-88C1-9F89491726EF}.Debug|Any CPU.ActiveCfg = Debug|Any CPU
		{6C72168C-8241-4547-88C1-9F89491726EF}.Debug|Any CPU.Build.0 = Debug|Any CPU
		{6C72168C-8241-4547-88C1-9F89491726EF}.Debug|x64.ActiveCfg = Debug|Any CPU
		{6C72168C-8241-4547-88C1-9F89491726EF}.Debug|x64.Build.0 = Debug|Any CPU
		{6C72168C-8241-4547-88C1-9F89491726EF}.Debug|x86.ActiveCfg = Debug|Any CPU
		{6C72168C-8241-4547-88C1-9F89491726EF}.Debug|x86.Build.0 = Debug|Any CPU
		{6C72168C-8241-4547-88C1-9F89491726EF}.Release|Any CPU.ActiveCfg = Release|Any CPU
		{6C72168C-8241-4547-88C1-9F89491726EF}.Release|Any CPU.Build.0 = Release|Any CPU
		{6C72168C-8241-4547-88C1-9F89491726EF}.Release|x64.ActiveCfg = Release|Any CPU
		{6C72168C-8241-4547-88C1-9F89491726EF}.Release|x64.Build.0 = Release|Any CPU
		{6C72168C-8241-4547-88C1-9F89491726EF}.Release|x86.ActiveCfg = Release|Any CPU
		{6C72168C-8241-4547-88C1-9F89491726EF}.Release|x86.Build.0 = Release|Any CPU
		{8DDB1FC9-8469-46F3-9C1B-C39CE208F618}.Debug|Any CPU.ActiveCfg = Debug|Any CPU
		{8DDB1FC9-8469-46F3-9C1B-C39CE208F618}.Debug|Any CPU.Build.0 = Debug|Any CPU
		{8DDB1FC9-8469-46F3-9C1B-C39CE208F618}.Debug|x64.ActiveCfg = Debug|Any CPU
		{8DDB1FC9-8469-46F3-9C1B-C39CE208F618}.Debug|x64.Build.0 = Debug|Any CPU
		{8DDB1FC9-8469-46F3-9C1B-C39CE208F618}.Debug|x86.ActiveCfg = Debug|Any CPU
		{8DDB1FC9-8469-46F3-9C1B-C39CE208F618}.Debug|x86.Build.0 = Debug|Any CPU
		{8DDB1FC9-8469-46F3-9C1B-C39CE208F618}.Release|Any CPU.ActiveCfg = Release|Any CPU
		{8DDB1FC9-8469-46F3-9C1B-C39CE208F618}.Release|Any CPU.Build.0 = Release|Any CPU
		{8DDB1FC9-8469-46F3-9C1B-C39CE208F618}.Release|x64.ActiveCfg = Release|Any CPU
		{8DDB1FC9-8469-46F3-9C1B-C39CE208F618}.Release|x64.Build.0 = Release|Any CPU
		{8DDB1FC9-8469-46F3-9C1B-C39CE208F618}.Release|x86.ActiveCfg = Release|Any CPU
		{8DDB1FC9-8469-46F3-9C1B-C39CE208F618}.Release|x86.Build.0 = Release|Any CPU
		{8E6AF4F6-7546-42FC-9E00-400AE3293647}.Debug|Any CPU.ActiveCfg = Debug|Any CPU
		{8E6AF4F6-7546-42FC-9E00-400AE3293647}.Debug|Any CPU.Build.0 = Debug|Any CPU
		{8E6AF4F6-7546-42FC-9E00-400AE3293647}.Debug|x64.ActiveCfg = Debug|Any CPU
		{8E6AF4F6-7546-42FC-9E00-400AE3293647}.Debug|x64.Build.0 = Debug|Any CPU
		{8E6AF4F6-7546-42FC-9E00-400AE3293647}.Debug|x86.ActiveCfg = Debug|Any CPU
		{8E6AF4F6-7546-42FC-9E00-400AE3293647}.Debug|x86.Build.0 = Debug|Any CPU
		{8E6AF4F6-7546-42FC-9E00-400AE3293647}.Release|Any CPU.ActiveCfg = Release|Any CPU
		{8E6AF4F6-7546-42FC-9E00-400AE3293647}.Release|Any CPU.Build.0 = Release|Any CPU
		{8E6AF4F6-7546-42FC-9E00-400AE3293647}.Release|x64.ActiveCfg = Release|Any CPU
		{8E6AF4F6-7546-42FC-9E00-400AE3293647}.Release|x64.Build.0 = Release|Any CPU
		{8E6AF4F6-7546-42FC-9E00-400AE3293647}.Release|x86.ActiveCfg = Release|Any CPU
		{8E6AF4F6-7546-42FC-9E00-400AE3293647}.Release|x86.Build.0 = Release|Any CPU
		{A5F473C0-D44C-4EC3-86E7-70584ED18135}.Debug|Any CPU.ActiveCfg = Debug|Any CPU
		{A5F473C0-D44C-4EC3-86E7-70584ED18135}.Debug|Any CPU.Build.0 = Debug|Any CPU
		{A5F473C0-D44C-4EC3-86E7-70584ED18135}.Debug|x64.ActiveCfg = Debug|Any CPU
		{A5F473C0-D44C-4EC3-86E7-70584ED18135}.Debug|x64.Build.0 = Debug|Any CPU
		{A5F473C0-D44C-4EC3-86E7-70584ED18135}.Debug|x86.ActiveCfg = Debug|Any CPU
		{A5F473C0-D44C-4EC3-86E7-70584ED18135}.Debug|x86.Build.0 = Debug|Any CPU
		{A5F473C0-D44C-4EC3-86E7-70584ED18135}.Release|Any CPU.ActiveCfg = Release|Any CPU
		{A5F473C0-D44C-4EC3-86E7-70584ED18135}.Release|Any CPU.Build.0 = Release|Any CPU
		{A5F473C0-D44C-4EC3-86E7-70584ED18135}.Release|x64.ActiveCfg = Release|Any CPU
		{A5F473C0-D44C-4EC3-86E7-70584ED18135}.Release|x64.Build.0 = Release|Any CPU
		{A5F473C0-D44C-4EC3-86E7-70584ED18135}.Release|x86.ActiveCfg = Release|Any CPU
		{A5F473C0-D44C-4EC3-86E7-70584ED18135}.Release|x86.Build.0 = Release|Any CPU
		{A1255D82-8E0B-4910-8D88-A9AF0D23AFBE}.Debug|Any CPU.ActiveCfg = Debug|Any CPU
		{A1255D82-8E0B-4910-8D88-A9AF0D23AFBE}.Debug|Any CPU.Build.0 = Debug|Any CPU
		{A1255D82-8E0B-4910-8D88-A9AF0D23AFBE}.Debug|x64.ActiveCfg = Debug|x64
		{A1255D82-8E0B-4910-8D88-A9AF0D23AFBE}.Debug|x64.Build.0 = Debug|x64
		{A1255D82-8E0B-4910-8D88-A9AF0D23AFBE}.Debug|x86.ActiveCfg = Debug|x86
		{A1255D82-8E0B-4910-8D88-A9AF0D23AFBE}.Debug|x86.Build.0 = Debug|x86
		{A1255D82-8E0B-4910-8D88-A9AF0D23AFBE}.Release|Any CPU.ActiveCfg = Release|Any CPU
		{A1255D82-8E0B-4910-8D88-A9AF0D23AFBE}.Release|Any CPU.Build.0 = Release|Any CPU
		{A1255D82-8E0B-4910-8D88-A9AF0D23AFBE}.Release|x64.ActiveCfg = Release|x64
		{A1255D82-8E0B-4910-8D88-A9AF0D23AFBE}.Release|x64.Build.0 = Release|x64
		{A1255D82-8E0B-4910-8D88-A9AF0D23AFBE}.Release|x86.ActiveCfg = Release|x86
		{A1255D82-8E0B-4910-8D88-A9AF0D23AFBE}.Release|x86.Build.0 = Release|x86
		{E31F268C-71D1-4050-9E6F-EFFB0A4BE543}.Debug|Any CPU.ActiveCfg = Debug|Any CPU
		{E31F268C-71D1-4050-9E6F-EFFB0A4BE543}.Debug|Any CPU.Build.0 = Debug|Any CPU
		{E31F268C-71D1-4050-9E6F-EFFB0A4BE543}.Debug|x64.ActiveCfg = Debug|x64
		{E31F268C-71D1-4050-9E6F-EFFB0A4BE543}.Debug|x64.Build.0 = Debug|x64
		{E31F268C-71D1-4050-9E6F-EFFB0A4BE543}.Debug|x86.ActiveCfg = Debug|x86
		{E31F268C-71D1-4050-9E6F-EFFB0A4BE543}.Debug|x86.Build.0 = Debug|x86
		{E31F268C-71D1-4050-9E6F-EFFB0A4BE543}.Release|Any CPU.ActiveCfg = Release|Any CPU
		{E31F268C-71D1-4050-9E6F-EFFB0A4BE543}.Release|Any CPU.Build.0 = Release|Any CPU
		{E31F268C-71D1-4050-9E6F-EFFB0A4BE543}.Release|x64.ActiveCfg = Release|x64
		{E31F268C-71D1-4050-9E6F-EFFB0A4BE543}.Release|x64.Build.0 = Release|x64
		{E31F268C-71D1-4050-9E6F-EFFB0A4BE543}.Release|x86.ActiveCfg = Release|x86
		{E31F268C-71D1-4050-9E6F-EFFB0A4BE543}.Release|x86.Build.0 = Release|x86
		{D48242A9-00C2-4A86-B672-37145592E2C4}.Debug|Any CPU.ActiveCfg = Debug|Any CPU
		{D48242A9-00C2-4A86-B672-37145592E2C4}.Debug|Any CPU.Build.0 = Debug|Any CPU
		{D48242A9-00C2-4A86-B672-37145592E2C4}.Debug|x64.ActiveCfg = Debug|x64
		{D48242A9-00C2-4A86-B672-37145592E2C4}.Debug|x64.Build.0 = Debug|x64
		{D48242A9-00C2-4A86-B672-37145592E2C4}.Debug|x86.ActiveCfg = Debug|x86
		{D48242A9-00C2-4A86-B672-37145592E2C4}.Debug|x86.Build.0 = Debug|x86
		{D48242A9-00C2-4A86-B672-37145592E2C4}.Release|Any CPU.ActiveCfg = Release|Any CPU
		{D48242A9-00C2-4A86-B672-37145592E2C4}.Release|Any CPU.Build.0 = Release|Any CPU
		{D48242A9-00C2-4A86-B672-37145592E2C4}.Release|x64.ActiveCfg = Release|x64
		{D48242A9-00C2-4A86-B672-37145592E2C4}.Release|x64.Build.0 = Release|x64
		{D48242A9-00C2-4A86-B672-37145592E2C4}.Release|x86.ActiveCfg = Release|x86
		{D48242A9-00C2-4A86-B672-37145592E2C4}.Release|x86.Build.0 = Release|x86
		{21B10E27-8C47-45C8-B1F2-D785E152D903}.Debug|Any CPU.ActiveCfg = Debug|Any CPU
		{21B10E27-8C47-45C8-B1F2-D785E152D903}.Debug|Any CPU.Build.0 = Debug|Any CPU
		{21B10E27-8C47-45C8-B1F2-D785E152D903}.Debug|x64.ActiveCfg = Debug|x64
		{21B10E27-8C47-45C8-B1F2-D785E152D903}.Debug|x64.Build.0 = Debug|x64
		{21B10E27-8C47-45C8-B1F2-D785E152D903}.Debug|x86.ActiveCfg = Debug|x86
		{21B10E27-8C47-45C8-B1F2-D785E152D903}.Debug|x86.Build.0 = Debug|x86
		{21B10E27-8C47-45C8-B1F2-D785E152D903}.Release|Any CPU.ActiveCfg = Release|Any CPU
		{21B10E27-8C47-45C8-B1F2-D785E152D903}.Release|Any CPU.Build.0 = Release|Any CPU
		{21B10E27-8C47-45C8-B1F2-D785E152D903}.Release|x64.ActiveCfg = Release|x64
		{21B10E27-8C47-45C8-B1F2-D785E152D903}.Release|x64.Build.0 = Release|x64
		{21B10E27-8C47-45C8-B1F2-D785E152D903}.Release|x86.ActiveCfg = Release|x86
		{21B10E27-8C47-45C8-B1F2-D785E152D903}.Release|x86.Build.0 = Release|x86
		{D42240DF-56FE-4B86-9463-6F4867DF34A5}.Debug|Any CPU.ActiveCfg = Debug|Any CPU
		{D42240DF-56FE-4B86-9463-6F4867DF34A5}.Debug|Any CPU.Build.0 = Debug|Any CPU
		{D42240DF-56FE-4B86-9463-6F4867DF34A5}.Debug|x64.ActiveCfg = Debug|x64
		{D42240DF-56FE-4B86-9463-6F4867DF34A5}.Debug|x64.Build.0 = Debug|x64
		{D42240DF-56FE-4B86-9463-6F4867DF34A5}.Debug|x86.ActiveCfg = Debug|x86
		{D42240DF-56FE-4B86-9463-6F4867DF34A5}.Debug|x86.Build.0 = Debug|x86
		{D42240DF-56FE-4B86-9463-6F4867DF34A5}.Release|Any CPU.ActiveCfg = Release|Any CPU
		{D42240DF-56FE-4B86-9463-6F4867DF34A5}.Release|Any CPU.Build.0 = Release|Any CPU
		{D42240DF-56FE-4B86-9463-6F4867DF34A5}.Release|x64.ActiveCfg = Release|x64
		{D42240DF-56FE-4B86-9463-6F4867DF34A5}.Release|x64.Build.0 = Release|x64
		{D42240DF-56FE-4B86-9463-6F4867DF34A5}.Release|x86.ActiveCfg = Release|x86
		{D42240DF-56FE-4B86-9463-6F4867DF34A5}.Release|x86.Build.0 = Release|x86
		{28A2B578-1396-4066-B106-E9D43BA11445}.Debug|Any CPU.ActiveCfg = Debug|Any CPU
		{28A2B578-1396-4066-B106-E9D43BA11445}.Debug|Any CPU.Build.0 = Debug|Any CPU
		{28A2B578-1396-4066-B106-E9D43BA11445}.Debug|x64.ActiveCfg = Debug|x64
		{28A2B578-1396-4066-B106-E9D43BA11445}.Debug|x64.Build.0 = Debug|x64
		{28A2B578-1396-4066-B106-E9D43BA11445}.Debug|x86.ActiveCfg = Debug|x86
		{28A2B578-1396-4066-B106-E9D43BA11445}.Debug|x86.Build.0 = Debug|x86
		{28A2B578-1396-4066-B106-E9D43BA11445}.Release|Any CPU.ActiveCfg = Release|Any CPU
		{28A2B578-1396-4066-B106-E9D43BA11445}.Release|Any CPU.Build.0 = Release|Any CPU
		{28A2B578-1396-4066-B106-E9D43BA11445}.Release|x64.ActiveCfg = Release|x64
		{28A2B578-1396-4066-B106-E9D43BA11445}.Release|x64.Build.0 = Release|x64
		{28A2B578-1396-4066-B106-E9D43BA11445}.Release|x86.ActiveCfg = Release|x86
		{28A2B578-1396-4066-B106-E9D43BA11445}.Release|x86.Build.0 = Release|x86
		{B9918E1A-B13E-4A8E-8C01-038F51B07837}.Debug|Any CPU.ActiveCfg = Debug|Any CPU
		{B9918E1A-B13E-4A8E-8C01-038F51B07837}.Debug|Any CPU.Build.0 = Debug|Any CPU
		{B9918E1A-B13E-4A8E-8C01-038F51B07837}.Debug|x64.ActiveCfg = Debug|Any CPU
		{B9918E1A-B13E-4A8E-8C01-038F51B07837}.Debug|x64.Build.0 = Debug|Any CPU
		{B9918E1A-B13E-4A8E-8C01-038F51B07837}.Debug|x86.ActiveCfg = Debug|Any CPU
		{B9918E1A-B13E-4A8E-8C01-038F51B07837}.Debug|x86.Build.0 = Debug|Any CPU
		{B9918E1A-B13E-4A8E-8C01-038F51B07837}.Release|Any CPU.ActiveCfg = Release|Any CPU
		{B9918E1A-B13E-4A8E-8C01-038F51B07837}.Release|Any CPU.Build.0 = Release|Any CPU
		{B9918E1A-B13E-4A8E-8C01-038F51B07837}.Release|x64.ActiveCfg = Release|Any CPU
		{B9918E1A-B13E-4A8E-8C01-038F51B07837}.Release|x64.Build.0 = Release|Any CPU
		{B9918E1A-B13E-4A8E-8C01-038F51B07837}.Release|x86.ActiveCfg = Release|Any CPU
		{B9918E1A-B13E-4A8E-8C01-038F51B07837}.Release|x86.Build.0 = Release|Any CPU
		{9BF0E8CB-FC38-410F-90B4-FB0EBF071A8B}.Debug|Any CPU.ActiveCfg = Debug|Any CPU
		{9BF0E8CB-FC38-410F-90B4-FB0EBF071A8B}.Debug|Any CPU.Build.0 = Debug|Any CPU
		{9BF0E8CB-FC38-410F-90B4-FB0EBF071A8B}.Debug|x64.ActiveCfg = Debug|Any CPU
		{9BF0E8CB-FC38-410F-90B4-FB0EBF071A8B}.Debug|x64.Build.0 = Debug|Any CPU
		{9BF0E8CB-FC38-410F-90B4-FB0EBF071A8B}.Debug|x86.ActiveCfg = Debug|Any CPU
		{9BF0E8CB-FC38-410F-90B4-FB0EBF071A8B}.Debug|x86.Build.0 = Debug|Any CPU
		{9BF0E8CB-FC38-410F-90B4-FB0EBF071A8B}.Release|Any CPU.ActiveCfg = Release|Any CPU
		{9BF0E8CB-FC38-410F-90B4-FB0EBF071A8B}.Release|Any CPU.Build.0 = Release|Any CPU
		{9BF0E8CB-FC38-410F-90B4-FB0EBF071A8B}.Release|x64.ActiveCfg = Release|Any CPU
		{9BF0E8CB-FC38-410F-90B4-FB0EBF071A8B}.Release|x64.Build.0 = Release|Any CPU
		{9BF0E8CB-FC38-410F-90B4-FB0EBF071A8B}.Release|x86.ActiveCfg = Release|Any CPU
		{9BF0E8CB-FC38-410F-90B4-FB0EBF071A8B}.Release|x86.Build.0 = Release|Any CPU
	EndGlobalSection
	GlobalSection(SolutionProperties) = preSolution
		HideSolutionNode = FALSE
	EndGlobalSection
	GlobalSection(NestedProjects) = preSolution
		{A1255D82-8E0B-4910-8D88-A9AF0D23AFBE} = {793719F3-21F8-4B2F-A472-0E5362074CAD}
		{E31F268C-71D1-4050-9E6F-EFFB0A4BE543} = {793719F3-21F8-4B2F-A472-0E5362074CAD}
		{D48242A9-00C2-4A86-B672-37145592E2C4} = {793719F3-21F8-4B2F-A472-0E5362074CAD}
		{21B10E27-8C47-45C8-B1F2-D785E152D903} = {793719F3-21F8-4B2F-A472-0E5362074CAD}
		{D42240DF-56FE-4B86-9463-6F4867DF34A5} = {793719F3-21F8-4B2F-A472-0E5362074CAD}
		{28A2B578-1396-4066-B106-E9D43BA11445} = {793719F3-21F8-4B2F-A472-0E5362074CAD}
	EndGlobalSection
	GlobalSection(ExtensibilityGlobals) = postSolution
		SolutionGuid = {65C8BCEA-6D88-44C4-B687-D3C4B2226ABB}
	EndGlobalSection
EndGlobal
