
Microsoft Visual Studio Solution File, Format Version 12.00
# Visual Studio Version 17
VisualStudioVersion = 17.6.33815.320
MinimumVisualStudioVersion = 10.0.40219.1
Project("{2150E333-8FDC-42A3-9474-1A3956D46DE8}") = "Tests", "Tests", "{A0095379-E196-4179-B093-CD0B09721BE4}"
EndProject
Project("{9A19103F-16F7-4668-BE54-9A1E7A4F7556}") = "FiftyOne.Pipeline.Core", "FiftyOne.Pipeline.Core\FiftyOne.Pipeline.Core.csproj", "{B82E962E-E523-429A-AC0C-08FAFEB7EAB2}"
EndProject
Project("{9A19103F-16F7-4668-BE54-9A1E7A4F7556}") = "FiftyOne.Pipeline.Engines", "FiftyOne.Pipeline.Engines\FiftyOne.Pipeline.Engines.csproj", "{56B751A1-AB6C-4A28-B85B-3CC27F54A59B}"
EndProject
Project("{9A19103F-16F7-4668-BE54-9A1E7A4F7556}") = "FiftyOne.Pipeline.Engines.TestHelpers", "FiftyOne.Pipeline.Engines.TestHelpers\FiftyOne.Pipeline.Engines.TestHelpers.csproj", "{0938E0EB-3CDE-4E52-AF1E-B0DD2A1C3B89}"
EndProject
Project("{9A19103F-16F7-4668-BE54-9A1E7A4F7556}") = "FiftyOne.Pipeline.Engines.FiftyOne", "FiftyOne.Pipeline.Engines.FiftyOne\FiftyOne.Pipeline.Engines.FiftyOne.csproj", "{261BDAE3-857F-4709-9DE8-B89BFA0DD5AB}"
EndProject
Project("{2150E333-8FDC-42A3-9474-1A3956D46DE8}") = "Examples", "Examples", "{6CCEFD1B-2C07-439B-980F-541F8F92FEA0}"
EndProject
Project("{9A19103F-16F7-4668-BE54-9A1E7A4F7556}") = "FiftyOne.Pipeline.Examples.Tests", "Tests\FiftyOne.Pipeline.Examples.Tests\FiftyOne.Pipeline.Examples.Tests.csproj", "{FB348514-6228-404B-8B73-A5A59693DEAA}"
EndProject
Project("{9A19103F-16F7-4668-BE54-9A1E7A4F7556}") = "FiftyOne.Pipeline.Core.Tests", "Tests\FiftyOne.Pipeline.Core.Tests\FiftyOne.Pipeline.Core.Tests.csproj", "{04CAF121-A8D1-48FB-8CD4-408EB554BD57}"
EndProject
Project("{9A19103F-16F7-4668-BE54-9A1E7A4F7556}") = "FiftyOne.Pipeline.Engines.Tests", "Tests\FiftyOne.Pipeline.Engines.Tests\FiftyOne.Pipeline.Engines.Tests.csproj", "{7DBD8ED0-F532-43CF-85C4-9408D0971F90}"
EndProject
Project("{9A19103F-16F7-4668-BE54-9A1E7A4F7556}") = "FiftyOne.Pipeline.Engines.FiftyOne.Tests", "Tests\FiftyOne.Pipeline.Engines.FiftyOne.Tests\FiftyOne.Pipeline.Engines.FiftyOne.Tests.csproj", "{5161FF64-971E-4A2F-8323-742C19903180}"
EndProject
Project("{2150E333-8FDC-42A3-9474-1A3956D46DE8}") = "CustomFlowElement", "CustomFlowElement", "{531CC9F6-C5C2-420B-877C-AACC83DB749B}"
	ProjectSection(SolutionItems) = preProject
		Examples\CustomFlowElement\Custom Flow Element Tutorial.md = Examples\CustomFlowElement\Custom Flow Element Tutorial.md
	EndProjectSection
EndProject
Project("{2150E333-8FDC-42A3-9474-1A3956D46DE8}") = "ResultCaching", "ResultCaching", "{540B4CED-5C3B-4E0E-ABF0-45A1BA4252A4}"
EndProject
Project("{9A19103F-16F7-4668-BE54-9A1E7A4F7556}") = "Examples.ResultCaching", "Examples\ResultCaching\Examples.ResultCaching.csproj", "{5D134966-E05F-4F89-89FF-D46F3FEDEEC3}"
EndProject
Project("{9A19103F-16F7-4668-BE54-9A1E7A4F7556}") = "FiftyOne.Pipeline.Examples.Shared", "FiftyOne.Pipeline.Examples.Shared\FiftyOne.Pipeline.Examples.Shared.csproj", "{194A4093-B146-410E-9F99-423FEE0C218B}"
EndProject
Project("{9A19103F-16F7-4668-BE54-9A1E7A4F7556}") = "FiftyOne.Pipeline.Benchmarks", "Tests\FiftyOne.Pipeline.Benchmarks\FiftyOne.Pipeline.Benchmarks.csproj", "{2FE642A4-A475-43CB-9B25-3986FE15CBD0}"
EndProject
Project("{2150E333-8FDC-42A3-9474-1A3956D46DE8}") = "UsageSharing", "UsageSharing", "{C0FD4943-55F0-4AF9-A3EA-31EB71FED2C8}"
EndProject
Project("{9A19103F-16F7-4668-BE54-9A1E7A4F7556}") = "Examples.UsageSharing", "Examples\UsageSharing\Examples.UsageSharing.csproj", "{E6C265A5-BD88-4C12-821F-CF505D1DCB76}"
EndProject
Project("{9A19103F-16F7-4668-BE54-9A1E7A4F7556}") = "Examples.CustomFlowElement.SimpleFlowElement", "Examples\CustomFlowElement\1. Simple Flow Element\Examples.CustomFlowElement.SimpleFlowElement.csproj", "{7A5FF5C9-88BD-4EB2-B484-532D3051DF5E}"
EndProject
Project("{9A19103F-16F7-4668-BE54-9A1E7A4F7556}") = "Examples.CustomFlowElement.OnPremiseEngine", "Examples\CustomFlowElement\2. On Premise Engine\Examples.CustomFlowElement.OnPremiseEngine.csproj", "{F6E4A327-51EA-4669-9DE3-98406852886C}"
EndProject
Project("{9A19103F-16F7-4668-BE54-9A1E7A4F7556}") = "Examples.CustomFlowElement.Data", "Examples\CustomFlowElement\Examples.CustomFlowElement.Data\Examples.CustomFlowElement.Data.csproj", "{138DEE73-7053-4A4F-A559-F23FC59DDF73}"
EndProject
Global
	GlobalSection(SolutionConfigurationPlatforms) = preSolution
		CoreDebug|Any CPU = CoreDebug|Any CPU
		CoreRelease|Any CPU = CoreRelease|Any CPU
		Debug|Any CPU = Debug|Any CPU
		Release|Any CPU = Release|Any CPU
	EndGlobalSection
	GlobalSection(ProjectConfigurationPlatforms) = postSolution
		{B82E962E-E523-429A-AC0C-08FAFEB7EAB2}.CoreDebug|Any CPU.ActiveCfg = Debug|Any CPU
		{B82E962E-E523-429A-AC0C-08FAFEB7EAB2}.CoreDebug|Any CPU.Build.0 = Debug|Any CPU
		{B82E962E-E523-429A-AC0C-08FAFEB7EAB2}.CoreRelease|Any CPU.ActiveCfg = Release|Any CPU
		{B82E962E-E523-429A-AC0C-08FAFEB7EAB2}.CoreRelease|Any CPU.Build.0 = Release|Any CPU
		{B82E962E-E523-429A-AC0C-08FAFEB7EAB2}.Debug|Any CPU.ActiveCfg = Debug|Any CPU
		{B82E962E-E523-429A-AC0C-08FAFEB7EAB2}.Debug|Any CPU.Build.0 = Debug|Any CPU
		{B82E962E-E523-429A-AC0C-08FAFEB7EAB2}.Release|Any CPU.ActiveCfg = Release|Any CPU
		{B82E962E-E523-429A-AC0C-08FAFEB7EAB2}.Release|Any CPU.Build.0 = Release|Any CPU
		{56B751A1-AB6C-4A28-B85B-3CC27F54A59B}.CoreDebug|Any CPU.ActiveCfg = Debug|Any CPU
		{56B751A1-AB6C-4A28-B85B-3CC27F54A59B}.CoreDebug|Any CPU.Build.0 = Debug|Any CPU
		{56B751A1-AB6C-4A28-B85B-3CC27F54A59B}.CoreRelease|Any CPU.ActiveCfg = Release|Any CPU
		{56B751A1-AB6C-4A28-B85B-3CC27F54A59B}.CoreRelease|Any CPU.Build.0 = Release|Any CPU
		{56B751A1-AB6C-4A28-B85B-3CC27F54A59B}.Debug|Any CPU.ActiveCfg = Debug|Any CPU
		{56B751A1-AB6C-4A28-B85B-3CC27F54A59B}.Debug|Any CPU.Build.0 = Debug|Any CPU
		{56B751A1-AB6C-4A28-B85B-3CC27F54A59B}.Release|Any CPU.ActiveCfg = Release|Any CPU
		{56B751A1-AB6C-4A28-B85B-3CC27F54A59B}.Release|Any CPU.Build.0 = Release|Any CPU
		{0938E0EB-3CDE-4E52-AF1E-B0DD2A1C3B89}.CoreDebug|Any CPU.ActiveCfg = Debug|Any CPU
		{0938E0EB-3CDE-4E52-AF1E-B0DD2A1C3B89}.CoreDebug|Any CPU.Build.0 = Debug|Any CPU
		{0938E0EB-3CDE-4E52-AF1E-B0DD2A1C3B89}.CoreRelease|Any CPU.ActiveCfg = Release|Any CPU
		{0938E0EB-3CDE-4E52-AF1E-B0DD2A1C3B89}.CoreRelease|Any CPU.Build.0 = Release|Any CPU
		{0938E0EB-3CDE-4E52-AF1E-B0DD2A1C3B89}.Debug|Any CPU.ActiveCfg = Debug|Any CPU
		{0938E0EB-3CDE-4E52-AF1E-B0DD2A1C3B89}.Debug|Any CPU.Build.0 = Debug|Any CPU
		{0938E0EB-3CDE-4E52-AF1E-B0DD2A1C3B89}.Release|Any CPU.ActiveCfg = Release|Any CPU
		{0938E0EB-3CDE-4E52-AF1E-B0DD2A1C3B89}.Release|Any CPU.Build.0 = Release|Any CPU
		{261BDAE3-857F-4709-9DE8-B89BFA0DD5AB}.CoreDebug|Any CPU.ActiveCfg = Debug|Any CPU
		{261BDAE3-857F-4709-9DE8-B89BFA0DD5AB}.CoreDebug|Any CPU.Build.0 = Debug|Any CPU
		{261BDAE3-857F-4709-9DE8-B89BFA0DD5AB}.CoreRelease|Any CPU.ActiveCfg = Release|Any CPU
		{261BDAE3-857F-4709-9DE8-B89BFA0DD5AB}.CoreRelease|Any CPU.Build.0 = Release|Any CPU
		{261BDAE3-857F-4709-9DE8-B89BFA0DD5AB}.Debug|Any CPU.ActiveCfg = Debug|Any CPU
		{261BDAE3-857F-4709-9DE8-B89BFA0DD5AB}.Debug|Any CPU.Build.0 = Debug|Any CPU
		{261BDAE3-857F-4709-9DE8-B89BFA0DD5AB}.Release|Any CPU.ActiveCfg = Release|Any CPU
		{261BDAE3-857F-4709-9DE8-B89BFA0DD5AB}.Release|Any CPU.Build.0 = Release|Any CPU
		{FB348514-6228-404B-8B73-A5A59693DEAA}.CoreDebug|Any CPU.ActiveCfg = Debug|Any CPU
		{FB348514-6228-404B-8B73-A5A59693DEAA}.CoreDebug|Any CPU.Build.0 = Debug|Any CPU
		{FB348514-6228-404B-8B73-A5A59693DEAA}.CoreRelease|Any CPU.ActiveCfg = Release|Any CPU
		{FB348514-6228-404B-8B73-A5A59693DEAA}.CoreRelease|Any CPU.Build.0 = Release|Any CPU
		{FB348514-6228-404B-8B73-A5A59693DEAA}.Debug|Any CPU.ActiveCfg = Debug|Any CPU
		{FB348514-6228-404B-8B73-A5A59693DEAA}.Debug|Any CPU.Build.0 = Debug|Any CPU
		{FB348514-6228-404B-8B73-A5A59693DEAA}.Release|Any CPU.ActiveCfg = Release|Any CPU
		{FB348514-6228-404B-8B73-A5A59693DEAA}.Release|Any CPU.Build.0 = Release|Any CPU
		{04CAF121-A8D1-48FB-8CD4-408EB554BD57}.CoreDebug|Any CPU.ActiveCfg = Debug|Any CPU
		{04CAF121-A8D1-48FB-8CD4-408EB554BD57}.CoreDebug|Any CPU.Build.0 = Debug|Any CPU
		{04CAF121-A8D1-48FB-8CD4-408EB554BD57}.CoreRelease|Any CPU.ActiveCfg = Release|Any CPU
		{04CAF121-A8D1-48FB-8CD4-408EB554BD57}.CoreRelease|Any CPU.Build.0 = Release|Any CPU
		{04CAF121-A8D1-48FB-8CD4-408EB554BD57}.Debug|Any CPU.ActiveCfg = Debug|Any CPU
		{04CAF121-A8D1-48FB-8CD4-408EB554BD57}.Debug|Any CPU.Build.0 = Debug|Any CPU
		{04CAF121-A8D1-48FB-8CD4-408EB554BD57}.Release|Any CPU.ActiveCfg = Release|Any CPU
		{04CAF121-A8D1-48FB-8CD4-408EB554BD57}.Release|Any CPU.Build.0 = Release|Any CPU
		{7DBD8ED0-F532-43CF-85C4-9408D0971F90}.CoreDebug|Any CPU.ActiveCfg = Debug|Any CPU
		{7DBD8ED0-F532-43CF-85C4-9408D0971F90}.CoreDebug|Any CPU.Build.0 = Debug|Any CPU
		{7DBD8ED0-F532-43CF-85C4-9408D0971F90}.CoreRelease|Any CPU.ActiveCfg = Release|Any CPU
		{7DBD8ED0-F532-43CF-85C4-9408D0971F90}.CoreRelease|Any CPU.Build.0 = Release|Any CPU
		{7DBD8ED0-F532-43CF-85C4-9408D0971F90}.Debug|Any CPU.ActiveCfg = Debug|Any CPU
		{7DBD8ED0-F532-43CF-85C4-9408D0971F90}.Debug|Any CPU.Build.0 = Debug|Any CPU
		{7DBD8ED0-F532-43CF-85C4-9408D0971F90}.Release|Any CPU.ActiveCfg = Release|Any CPU
		{7DBD8ED0-F532-43CF-85C4-9408D0971F90}.Release|Any CPU.Build.0 = Release|Any CPU
		{5161FF64-971E-4A2F-8323-742C19903180}.CoreDebug|Any CPU.ActiveCfg = Debug|Any CPU
		{5161FF64-971E-4A2F-8323-742C19903180}.CoreDebug|Any CPU.Build.0 = Debug|Any CPU
		{5161FF64-971E-4A2F-8323-742C19903180}.CoreRelease|Any CPU.ActiveCfg = Release|Any CPU
		{5161FF64-971E-4A2F-8323-742C19903180}.CoreRelease|Any CPU.Build.0 = Release|Any CPU
		{5161FF64-971E-4A2F-8323-742C19903180}.Debug|Any CPU.ActiveCfg = Debug|Any CPU
		{5161FF64-971E-4A2F-8323-742C19903180}.Debug|Any CPU.Build.0 = Debug|Any CPU
		{5161FF64-971E-4A2F-8323-742C19903180}.Release|Any CPU.ActiveCfg = Release|Any CPU
		{5161FF64-971E-4A2F-8323-742C19903180}.Release|Any CPU.Build.0 = Release|Any CPU
		{5D134966-E05F-4F89-89FF-D46F3FEDEEC3}.CoreDebug|Any CPU.ActiveCfg = Debug|Any CPU
		{5D134966-E05F-4F89-89FF-D46F3FEDEEC3}.CoreDebug|Any CPU.Build.0 = Debug|Any CPU
		{5D134966-E05F-4F89-89FF-D46F3FEDEEC3}.CoreRelease|Any CPU.ActiveCfg = Release|Any CPU
		{5D134966-E05F-4F89-89FF-D46F3FEDEEC3}.CoreRelease|Any CPU.Build.0 = Release|Any CPU
		{5D134966-E05F-4F89-89FF-D46F3FEDEEC3}.Debug|Any CPU.ActiveCfg = Debug|Any CPU
		{5D134966-E05F-4F89-89FF-D46F3FEDEEC3}.Debug|Any CPU.Build.0 = Debug|Any CPU
		{5D134966-E05F-4F89-89FF-D46F3FEDEEC3}.Release|Any CPU.ActiveCfg = Release|Any CPU
		{5D134966-E05F-4F89-89FF-D46F3FEDEEC3}.Release|Any CPU.Build.0 = Release|Any CPU
		{194A4093-B146-410E-9F99-423FEE0C218B}.CoreDebug|Any CPU.ActiveCfg = Debug|Any CPU
		{194A4093-B146-410E-9F99-423FEE0C218B}.CoreDebug|Any CPU.Build.0 = Debug|Any CPU
		{194A4093-B146-410E-9F99-423FEE0C218B}.CoreRelease|Any CPU.ActiveCfg = Release|Any CPU
		{194A4093-B146-410E-9F99-423FEE0C218B}.CoreRelease|Any CPU.Build.0 = Release|Any CPU
		{194A4093-B146-410E-9F99-423FEE0C218B}.Debug|Any CPU.ActiveCfg = Debug|Any CPU
		{194A4093-B146-410E-9F99-423FEE0C218B}.Debug|Any CPU.Build.0 = Debug|Any CPU
		{194A4093-B146-410E-9F99-423FEE0C218B}.Release|Any CPU.ActiveCfg = Release|Any CPU
		{194A4093-B146-410E-9F99-423FEE0C218B}.Release|Any CPU.Build.0 = Release|Any CPU
		{2FE642A4-A475-43CB-9B25-3986FE15CBD0}.CoreDebug|Any CPU.ActiveCfg = Debug|Any CPU
		{2FE642A4-A475-43CB-9B25-3986FE15CBD0}.CoreDebug|Any CPU.Build.0 = Debug|Any CPU
		{2FE642A4-A475-43CB-9B25-3986FE15CBD0}.CoreRelease|Any CPU.ActiveCfg = Release|Any CPU
		{2FE642A4-A475-43CB-9B25-3986FE15CBD0}.CoreRelease|Any CPU.Build.0 = Release|Any CPU
		{2FE642A4-A475-43CB-9B25-3986FE15CBD0}.Debug|Any CPU.ActiveCfg = Debug|Any CPU
		{2FE642A4-A475-43CB-9B25-3986FE15CBD0}.Debug|Any CPU.Build.0 = Debug|Any CPU
		{2FE642A4-A475-43CB-9B25-3986FE15CBD0}.Release|Any CPU.ActiveCfg = Release|Any CPU
		{2FE642A4-A475-43CB-9B25-3986FE15CBD0}.Release|Any CPU.Build.0 = Release|Any CPU
		{E6C265A5-BD88-4C12-821F-CF505D1DCB76}.CoreDebug|Any CPU.ActiveCfg = Debug|Any CPU
		{E6C265A5-BD88-4C12-821F-CF505D1DCB76}.CoreDebug|Any CPU.Build.0 = Debug|Any CPU
		{E6C265A5-BD88-4C12-821F-CF505D1DCB76}.CoreRelease|Any CPU.ActiveCfg = Release|Any CPU
		{E6C265A5-BD88-4C12-821F-CF505D1DCB76}.CoreRelease|Any CPU.Build.0 = Release|Any CPU
		{E6C265A5-BD88-4C12-821F-CF505D1DCB76}.Debug|Any CPU.ActiveCfg = Debug|Any CPU
		{E6C265A5-BD88-4C12-821F-CF505D1DCB76}.Debug|Any CPU.Build.0 = Debug|Any CPU
		{E6C265A5-BD88-4C12-821F-CF505D1DCB76}.Release|Any CPU.ActiveCfg = Release|Any CPU
		{E6C265A5-BD88-4C12-821F-CF505D1DCB76}.Release|Any CPU.Build.0 = Release|Any CPU
		{7A5FF5C9-88BD-4EB2-B484-532D3051DF5E}.CoreDebug|Any CPU.ActiveCfg = Debug|Any CPU
		{7A5FF5C9-88BD-4EB2-B484-532D3051DF5E}.CoreDebug|Any CPU.Build.0 = Debug|Any CPU
		{7A5FF5C9-88BD-4EB2-B484-532D3051DF5E}.CoreRelease|Any CPU.ActiveCfg = Release|Any CPU
		{7A5FF5C9-88BD-4EB2-B484-532D3051DF5E}.CoreRelease|Any CPU.Build.0 = Release|Any CPU
		{7A5FF5C9-88BD-4EB2-B484-532D3051DF5E}.Debug|Any CPU.ActiveCfg = Debug|Any CPU
		{7A5FF5C9-88BD-4EB2-B484-532D3051DF5E}.Debug|Any CPU.Build.0 = Debug|Any CPU
		{7A5FF5C9-88BD-4EB2-B484-532D3051DF5E}.Release|Any CPU.ActiveCfg = Release|Any CPU
		{7A5FF5C9-88BD-4EB2-B484-532D3051DF5E}.Release|Any CPU.Build.0 = Release|Any CPU
		{F6E4A327-51EA-4669-9DE3-98406852886C}.CoreDebug|Any CPU.ActiveCfg = Debug|Any CPU
		{F6E4A327-51EA-4669-9DE3-98406852886C}.CoreDebug|Any CPU.Build.0 = Debug|Any CPU
		{F6E4A327-51EA-4669-9DE3-98406852886C}.CoreRelease|Any CPU.ActiveCfg = Release|Any CPU
		{F6E4A327-51EA-4669-9DE3-98406852886C}.CoreRelease|Any CPU.Build.0 = Release|Any CPU
		{F6E4A327-51EA-4669-9DE3-98406852886C}.Debug|Any CPU.ActiveCfg = Debug|Any CPU
		{F6E4A327-51EA-4669-9DE3-98406852886C}.Debug|Any CPU.Build.0 = Debug|Any CPU
		{F6E4A327-51EA-4669-9DE3-98406852886C}.Release|Any CPU.ActiveCfg = Release|Any CPU
		{F6E4A327-51EA-4669-9DE3-98406852886C}.Release|Any CPU.Build.0 = Release|Any CPU
		{138DEE73-7053-4A4F-A559-F23FC59DDF73}.CoreDebug|Any CPU.ActiveCfg = Debug|Any CPU
		{138DEE73-7053-4A4F-A559-F23FC59DDF73}.CoreDebug|Any CPU.Build.0 = Debug|Any CPU
		{138DEE73-7053-4A4F-A559-F23FC59DDF73}.CoreRelease|Any CPU.ActiveCfg = Release|Any CPU
		{138DEE73-7053-4A4F-A559-F23FC59DDF73}.CoreRelease|Any CPU.Build.0 = Release|Any CPU
		{138DEE73-7053-4A4F-A559-F23FC59DDF73}.Debug|Any CPU.ActiveCfg = Debug|Any CPU
		{138DEE73-7053-4A4F-A559-F23FC59DDF73}.Debug|Any CPU.Build.0 = Debug|Any CPU
		{138DEE73-7053-4A4F-A559-F23FC59DDF73}.Release|Any CPU.ActiveCfg = Release|Any CPU
		{138DEE73-7053-4A4F-A559-F23FC59DDF73}.Release|Any CPU.Build.0 = Release|Any CPU
	EndGlobalSection
	GlobalSection(SolutionProperties) = preSolution
		HideSolutionNode = FALSE
	EndGlobalSection
	GlobalSection(NestedProjects) = preSolution
		{0938E0EB-3CDE-4E52-AF1E-B0DD2A1C3B89} = {A0095379-E196-4179-B093-CD0B09721BE4}
		{FB348514-6228-404B-8B73-A5A59693DEAA} = {A0095379-E196-4179-B093-CD0B09721BE4}
		{04CAF121-A8D1-48FB-8CD4-408EB554BD57} = {A0095379-E196-4179-B093-CD0B09721BE4}
		{7DBD8ED0-F532-43CF-85C4-9408D0971F90} = {A0095379-E196-4179-B093-CD0B09721BE4}
		{5161FF64-971E-4A2F-8323-742C19903180} = {A0095379-E196-4179-B093-CD0B09721BE4}
		{531CC9F6-C5C2-420B-877C-AACC83DB749B} = {6CCEFD1B-2C07-439B-980F-541F8F92FEA0}
		{540B4CED-5C3B-4E0E-ABF0-45A1BA4252A4} = {6CCEFD1B-2C07-439B-980F-541F8F92FEA0}
		{5D134966-E05F-4F89-89FF-D46F3FEDEEC3} = {540B4CED-5C3B-4E0E-ABF0-45A1BA4252A4}
		{194A4093-B146-410E-9F99-423FEE0C218B} = {6CCEFD1B-2C07-439B-980F-541F8F92FEA0}
		{2FE642A4-A475-43CB-9B25-3986FE15CBD0} = {A0095379-E196-4179-B093-CD0B09721BE4}
		{C0FD4943-55F0-4AF9-A3EA-31EB71FED2C8} = {6CCEFD1B-2C07-439B-980F-541F8F92FEA0}
		{E6C265A5-BD88-4C12-821F-CF505D1DCB76} = {C0FD4943-55F0-4AF9-A3EA-31EB71FED2C8}
		{7A5FF5C9-88BD-4EB2-B484-532D3051DF5E} = {531CC9F6-C5C2-420B-877C-AACC83DB749B}
		{F6E4A327-51EA-4669-9DE3-98406852886C} = {531CC9F6-C5C2-420B-877C-AACC83DB749B}
		{138DEE73-7053-4A4F-A559-F23FC59DDF73} = {531CC9F6-C5C2-420B-877C-AACC83DB749B}
	EndGlobalSection
	GlobalSection(ExtensibilityGlobals) = postSolution
		SolutionGuid = {DDB32B21-0D34-4C92-894C-BB39BE1BC4F7}
	EndGlobalSection
EndGlobal
