
Microsoft Visual Studio Solution File, Format Version 12.00
# Visual Studio Version 16
VisualStudioVersion = 16.0.29613.14
MinimumVisualStudioVersion = 10.0.40219.1
Project("{2150E333-8FDC-42A3-9474-1A3956D46DE8}") = "Tests", "Tests", "{5B0DFCCB-A77B-48AF-A50A-5AA3717A6697}"
EndProject
Project("{2150E333-8FDC-42A3-9474-1A3956D46DE8}") = "Examples", "Examples", "{C301ABC8-CB14-4ECE-9927-769C2871C349}"
EndProject
Project("{9A19103F-16F7-4668-BE54-9A1E7A4F7556}") = "FiftyOne.Pipeline.Core", "FiftyOne.Pipeline.Core\FiftyOne.Pipeline.Core.csproj", "{1A56EB6E-37DD-474A-9CA4-ED4BFE96857D}"
EndProject
Project("{9A19103F-16F7-4668-BE54-9A1E7A4F7556}") = "FiftyOne.Pipeline.Web.Shared", "FiftyOne.Pipeline.Web.Shared\FiftyOne.Pipeline.Web.Shared.csproj", "{47F07272-7639-44BA-96C2-DCFF7A8D702A}"
EndProject
Project("{9A19103F-16F7-4668-BE54-9A1E7A4F7556}") = "FiftyOne.Pipeline.Web", "Web Integration\FiftyOne.Pipeline.Web\FiftyOne.Pipeline.Web.csproj", "{6A15FE69-8571-4371-9ED3-09BD7E1A9E78}"
EndProject
Project("{9A19103F-16F7-4668-BE54-9A1E7A4F7556}") = "FiftyOne.Pipeline.Web.Tests", "Web Integration\Tests\FiftyOne.Pipeline.Web.Tests\FiftyOne.Pipeline.Web.Tests.csproj", "{03FE0D34-AC66-4143-AA04-29047E960647}"
EndProject
Project("{9A19103F-16F7-4668-BE54-9A1E7A4F7556}") = "FiftyOne.Pipeline.IpSplitter", "Web Integration\Examples\IpSplitter\FiftyOne.Pipeline.IpSplitter.csproj", "{A22CF980-9419-413A-8B8B-167BEC71D9FE}"
EndProject
Project("{9A19103F-16F7-4668-BE54-9A1E7A4F7556}") = "FiftyOne.Pipeline.Math", "Web Integration\Examples\Math\FiftyOne.Pipeline.Math.csproj", "{820CF39B-E80A-4C4B-AD97-F942EDE6EFD2}"
EndProject
Project("{9A19103F-16F7-4668-BE54-9A1E7A4F7556}") = "FiftyOne.Pipeline.Engines", "FiftyOne.Pipeline.Engines\FiftyOne.Pipeline.Engines.csproj", "{6DF6DE7E-FBA8-4D16-BF22-4472F8F3C1CD}"
EndProject
Project("{9A19103F-16F7-4668-BE54-9A1E7A4F7556}") = "FiftyOne.Pipeline.Engines.FiftyOne", "FiftyOne.Pipeline.Engines.FiftyOne\FiftyOne.Pipeline.Engines.FiftyOne.csproj", "{8087BE8A-67B7-4ECC-8EA6-109B3B741D5E}"
EndProject
Project("{FAE04EC0-301F-11D3-BF4B-00C04F79EFBC}") = "FiftyOne.Pipeline.Web.Framework", "Web Integration\FiftyOne.Pipeline.Web.Framework\FiftyOne.Pipeline.Web.Framework.csproj", "{67CDF235-DD65-4F3D-8187-FE0AF6F4048B}"
EndProject
Project("{FAE04EC0-301F-11D3-BF4B-00C04F79EFBC}") = "AspNet Framework MVC Example", "Web Integration\Examples\ExampleFrameworkWebsite\AspNet Framework MVC Example.csproj", "{33A9E481-8582-4FF5-9F8F-FCB00BC7DDD1}"
EndProject
Project("{9A19103F-16F7-4668-BE54-9A1E7A4F7556}") = "FiftyOne.Pipeline.JavaScriptBuilder", "FiftyOne.Pipeline.Elements\FiftyOne.Pipeline.JavaScriptBuilderElement\FiftyOne.Pipeline.JavaScriptBuilder.csproj", "{2C2AFF73-A5E5-45C0-98BE-A492BE85BEBB}"
EndProject
Project("{2150E333-8FDC-42A3-9474-1A3956D46DE8}") = "Solution Items", "Solution Items", "{68983808-F411-4682-B643-3B9BF25F404C}"
	ProjectSection(SolutionItems) = preProject
		Web Integration\FiftyOne.Pipeline.Web.nuspec = Web Integration\FiftyOne.Pipeline.Web.nuspec
	EndProjectSection
EndProject
Project("{2150E333-8FDC-42A3-9474-1A3956D46DE8}") = "CustomFlowElement", "CustomFlowElement", "{5C72480A-B147-443B-B75E-C3565EC14077}"
	ProjectSection(SolutionItems) = preProject
		Examples\CustomFlowElement\Custom Flow Element Tutorial.md = Examples\CustomFlowElement\Custom Flow Element Tutorial.md
	EndProjectSection
EndProject
Project("{2150E333-8FDC-42A3-9474-1A3956D46DE8}") = "1. Simple Flow Element", "1. Simple Flow Element", "{C5799DBD-A8D1-48EC-94C2-472D13003EF2}"
EndProject
Project("{2150E333-8FDC-42A3-9474-1A3956D46DE8}") = "2. On Premise Engine", "2. On Premise Engine", "{FB9A2124-3415-4956-989F-07655813A365}"
EndProject
Project("{2150E333-8FDC-42A3-9474-1A3956D46DE8}") = "3. Client-side Evidence", "3. Client-side Evidence", "{9D4F18BA-A1F6-4B92-9693-B6AFF09E3760}"
EndProject
Project("{9A19103F-16F7-4668-BE54-9A1E7A4F7556}") = "Examples.CustomFlowElement", "Examples\CustomFlowElement\1. Simple Flow Element\Examples.CustomFlowElement.csproj", "{A17D223D-9707-41D2-A934-A14778AF289D}"
EndProject
Project("{9A19103F-16F7-4668-BE54-9A1E7A4F7556}") = "Examples.OnPremiseEngine", "Examples\CustomFlowElement\2. On Premise Engine\Examples.OnPremiseEngine.csproj", "{A8433870-9A32-4255-8A36-F78D4DA6F1F9}"
EndProject
Project("{9A19103F-16F7-4668-BE54-9A1E7A4F7556}") = "Examples.ClientSideEvidence.Shared", "Examples\CustomFlowElement\3. Client-side evidence\ClientSideEvidence.Shared\Examples.ClientSideEvidence.Shared.csproj", "{E2FDBF5C-F5EC-4C85-A8AB-20D7FE40D278}"
EndProject
Project("{9A19103F-16F7-4668-BE54-9A1E7A4F7556}") = "Examples.ClientSideEvidence.MVC", "Examples\CustomFlowElement\3. Client-side evidence\ClientSideEvidence.MVC\Examples.ClientSideEvidence.MVC.csproj", "{8DB8DAA4-A7EC-45B6-90D4-3803A5847E67}"
EndProject
Project("{2150E333-8FDC-42A3-9474-1A3956D46DE8}") = "Web Integration", "Web Integration", "{AF5A4BF7-6197-4E0F-B796-EC6630C1C9CD}"
EndProject
Project("{2150E333-8FDC-42A3-9474-1A3956D46DE8}") = "Shared", "Shared", "{7421904B-85D4-40C2-ACDD-8A668218CA2D}"
EndProject
Project("{9A19103F-16F7-4668-BE54-9A1E7A4F7556}") = "FiftyOne.Pipeline.JsonBuilder", "FiftyOne.Pipeline.Elements\FiftyOne.Pipeline.JsonBuilderElement\FiftyOne.Pipeline.JsonBuilder.csproj", "{DE895B27-976B-47CA-B7FD-8BFFBE24C80D}"
EndProject
Project("{9A19103F-16F7-4668-BE54-9A1E7A4F7556}") = "AspNetCore 2.1 Example", "Web Integration\Examples\NetCore2.1\AspNetCore 2.1 Example.csproj", "{3D055691-022E-4F62-A674-6E513F2CD0A2}"
EndProject
Project("{9A19103F-16F7-4668-BE54-9A1E7A4F7556}") = "AspNetCore 3.1 Example", "Web Integration\Examples\NetCore3.1\AspNetCore 3.1 Example.csproj", "{D3D54E8A-6674-4788-A177-55A3C2FFC9FF}"
EndProject
Project("{FAE04EC0-301F-11D3-BF4B-00C04F79EFBC}") = "FiftyOne.Pipeline.Web.Shared.Tests", "Web Integration\Tests\FiftyOne.Pipeline.Web.Shared.Tests\FiftyOne.Pipeline.Web.Shared.Tests.csproj", "{E9D230EE-88F0-4EC5-AF40-CEFFB8093251}"
EndProject
Global
	GlobalSection(SolutionConfigurationPlatforms) = preSolution
		Debug|Any CPU = Debug|Any CPU
		Release|Any CPU = Release|Any CPU
	EndGlobalSection
	GlobalSection(ProjectConfigurationPlatforms) = postSolution
		{1A56EB6E-37DD-474A-9CA4-ED4BFE96857D}.Debug|Any CPU.ActiveCfg = Debug|Any CPU
		{1A56EB6E-37DD-474A-9CA4-ED4BFE96857D}.Debug|Any CPU.Build.0 = Debug|Any CPU
		{1A56EB6E-37DD-474A-9CA4-ED4BFE96857D}.Release|Any CPU.ActiveCfg = Release|Any CPU
		{1A56EB6E-37DD-474A-9CA4-ED4BFE96857D}.Release|Any CPU.Build.0 = Release|Any CPU
		{47F07272-7639-44BA-96C2-DCFF7A8D702A}.Debug|Any CPU.ActiveCfg = Debug|Any CPU
		{47F07272-7639-44BA-96C2-DCFF7A8D702A}.Debug|Any CPU.Build.0 = Debug|Any CPU
		{47F07272-7639-44BA-96C2-DCFF7A8D702A}.Release|Any CPU.ActiveCfg = Release|Any CPU
		{47F07272-7639-44BA-96C2-DCFF7A8D702A}.Release|Any CPU.Build.0 = Release|Any CPU
		{6A15FE69-8571-4371-9ED3-09BD7E1A9E78}.Debug|Any CPU.ActiveCfg = Debug|Any CPU
		{6A15FE69-8571-4371-9ED3-09BD7E1A9E78}.Debug|Any CPU.Build.0 = Debug|Any CPU
		{6A15FE69-8571-4371-9ED3-09BD7E1A9E78}.Release|Any CPU.ActiveCfg = Release|Any CPU
		{6A15FE69-8571-4371-9ED3-09BD7E1A9E78}.Release|Any CPU.Build.0 = Release|Any CPU
		{03FE0D34-AC66-4143-AA04-29047E960647}.Debug|Any CPU.ActiveCfg = Debug|Any CPU
		{03FE0D34-AC66-4143-AA04-29047E960647}.Debug|Any CPU.Build.0 = Debug|Any CPU
		{03FE0D34-AC66-4143-AA04-29047E960647}.Release|Any CPU.ActiveCfg = Release|Any CPU
		{03FE0D34-AC66-4143-AA04-29047E960647}.Release|Any CPU.Build.0 = Release|Any CPU
		{A22CF980-9419-413A-8B8B-167BEC71D9FE}.Debug|Any CPU.ActiveCfg = Debug|Any CPU
		{A22CF980-9419-413A-8B8B-167BEC71D9FE}.Debug|Any CPU.Build.0 = Debug|Any CPU
		{A22CF980-9419-413A-8B8B-167BEC71D9FE}.Release|Any CPU.ActiveCfg = Release|Any CPU
		{A22CF980-9419-413A-8B8B-167BEC71D9FE}.Release|Any CPU.Build.0 = Release|Any CPU
		{820CF39B-E80A-4C4B-AD97-F942EDE6EFD2}.Debug|Any CPU.ActiveCfg = Debug|Any CPU
		{820CF39B-E80A-4C4B-AD97-F942EDE6EFD2}.Debug|Any CPU.Build.0 = Debug|Any CPU
		{820CF39B-E80A-4C4B-AD97-F942EDE6EFD2}.Release|Any CPU.ActiveCfg = Release|Any CPU
		{820CF39B-E80A-4C4B-AD97-F942EDE6EFD2}.Release|Any CPU.Build.0 = Release|Any CPU
		{6DF6DE7E-FBA8-4D16-BF22-4472F8F3C1CD}.Debug|Any CPU.ActiveCfg = Debug|Any CPU
		{6DF6DE7E-FBA8-4D16-BF22-4472F8F3C1CD}.Debug|Any CPU.Build.0 = Debug|Any CPU
		{6DF6DE7E-FBA8-4D16-BF22-4472F8F3C1CD}.Release|Any CPU.ActiveCfg = Release|Any CPU
		{6DF6DE7E-FBA8-4D16-BF22-4472F8F3C1CD}.Release|Any CPU.Build.0 = Release|Any CPU
		{8087BE8A-67B7-4ECC-8EA6-109B3B741D5E}.Debug|Any CPU.ActiveCfg = Debug|Any CPU
		{8087BE8A-67B7-4ECC-8EA6-109B3B741D5E}.Debug|Any CPU.Build.0 = Debug|Any CPU
		{8087BE8A-67B7-4ECC-8EA6-109B3B741D5E}.Release|Any CPU.ActiveCfg = Release|Any CPU
		{8087BE8A-67B7-4ECC-8EA6-109B3B741D5E}.Release|Any CPU.Build.0 = Release|Any CPU
		{67CDF235-DD65-4F3D-8187-FE0AF6F4048B}.Debug|Any CPU.ActiveCfg = Debug|Any CPU
		{67CDF235-DD65-4F3D-8187-FE0AF6F4048B}.Debug|Any CPU.Build.0 = Debug|Any CPU
		{67CDF235-DD65-4F3D-8187-FE0AF6F4048B}.Release|Any CPU.ActiveCfg = Release|Any CPU
		{67CDF235-DD65-4F3D-8187-FE0AF6F4048B}.Release|Any CPU.Build.0 = Release|Any CPU
		{33A9E481-8582-4FF5-9F8F-FCB00BC7DDD1}.Debug|Any CPU.ActiveCfg = Debug|Any CPU
		{33A9E481-8582-4FF5-9F8F-FCB00BC7DDD1}.Debug|Any CPU.Build.0 = Debug|Any CPU
		{33A9E481-8582-4FF5-9F8F-FCB00BC7DDD1}.Release|Any CPU.ActiveCfg = Release|Any CPU
		{33A9E481-8582-4FF5-9F8F-FCB00BC7DDD1}.Release|Any CPU.Build.0 = Release|Any CPU
		{2C2AFF73-A5E5-45C0-98BE-A492BE85BEBB}.Debug|Any CPU.ActiveCfg = Debug|Any CPU
		{2C2AFF73-A5E5-45C0-98BE-A492BE85BEBB}.Debug|Any CPU.Build.0 = Debug|Any CPU
		{2C2AFF73-A5E5-45C0-98BE-A492BE85BEBB}.Release|Any CPU.ActiveCfg = Release|Any CPU
		{2C2AFF73-A5E5-45C0-98BE-A492BE85BEBB}.Release|Any CPU.Build.0 = Release|Any CPU
		{A17D223D-9707-41D2-A934-A14778AF289D}.Debug|Any CPU.ActiveCfg = Debug|Any CPU
		{A17D223D-9707-41D2-A934-A14778AF289D}.Debug|Any CPU.Build.0 = Debug|Any CPU
		{A17D223D-9707-41D2-A934-A14778AF289D}.Release|Any CPU.ActiveCfg = Release|Any CPU
		{A17D223D-9707-41D2-A934-A14778AF289D}.Release|Any CPU.Build.0 = Release|Any CPU
		{A8433870-9A32-4255-8A36-F78D4DA6F1F9}.Debug|Any CPU.ActiveCfg = Debug|Any CPU
		{A8433870-9A32-4255-8A36-F78D4DA6F1F9}.Debug|Any CPU.Build.0 = Debug|Any CPU
		{A8433870-9A32-4255-8A36-F78D4DA6F1F9}.Release|Any CPU.ActiveCfg = Release|Any CPU
		{A8433870-9A32-4255-8A36-F78D4DA6F1F9}.Release|Any CPU.Build.0 = Release|Any CPU
		{E2FDBF5C-F5EC-4C85-A8AB-20D7FE40D278}.Debug|Any CPU.ActiveCfg = Debug|Any CPU
		{E2FDBF5C-F5EC-4C85-A8AB-20D7FE40D278}.Debug|Any CPU.Build.0 = Debug|Any CPU
		{E2FDBF5C-F5EC-4C85-A8AB-20D7FE40D278}.Release|Any CPU.ActiveCfg = Release|Any CPU
		{E2FDBF5C-F5EC-4C85-A8AB-20D7FE40D278}.Release|Any CPU.Build.0 = Release|Any CPU
		{8DB8DAA4-A7EC-45B6-90D4-3803A5847E67}.Debug|Any CPU.ActiveCfg = Debug|Any CPU
		{8DB8DAA4-A7EC-45B6-90D4-3803A5847E67}.Debug|Any CPU.Build.0 = Debug|Any CPU
		{8DB8DAA4-A7EC-45B6-90D4-3803A5847E67}.Release|Any CPU.ActiveCfg = Release|Any CPU
		{8DB8DAA4-A7EC-45B6-90D4-3803A5847E67}.Release|Any CPU.Build.0 = Release|Any CPU
		{DE895B27-976B-47CA-B7FD-8BFFBE24C80D}.Debug|Any CPU.ActiveCfg = Debug|Any CPU
		{DE895B27-976B-47CA-B7FD-8BFFBE24C80D}.Debug|Any CPU.Build.0 = Debug|Any CPU
		{DE895B27-976B-47CA-B7FD-8BFFBE24C80D}.Release|Any CPU.ActiveCfg = Release|Any CPU
		{DE895B27-976B-47CA-B7FD-8BFFBE24C80D}.Release|Any CPU.Build.0 = Release|Any CPU
		{3D055691-022E-4F62-A674-6E513F2CD0A2}.Debug|Any CPU.ActiveCfg = Debug|Any CPU
		{3D055691-022E-4F62-A674-6E513F2CD0A2}.Debug|Any CPU.Build.0 = Debug|Any CPU
		{3D055691-022E-4F62-A674-6E513F2CD0A2}.Release|Any CPU.ActiveCfg = Release|Any CPU
		{3D055691-022E-4F62-A674-6E513F2CD0A2}.Release|Any CPU.Build.0 = Release|Any CPU
		{D3D54E8A-6674-4788-A177-55A3C2FFC9FF}.Debug|Any CPU.ActiveCfg = Debug|Any CPU
		{D3D54E8A-6674-4788-A177-55A3C2FFC9FF}.Debug|Any CPU.Build.0 = Debug|Any CPU
		{D3D54E8A-6674-4788-A177-55A3C2FFC9FF}.Release|Any CPU.ActiveCfg = Release|Any CPU
		{D3D54E8A-6674-4788-A177-55A3C2FFC9FF}.Release|Any CPU.Build.0 = Release|Any CPU
		{E9D230EE-88F0-4EC5-AF40-CEFFB8093251}.Debug|Any CPU.ActiveCfg = Debug|Any CPU
		{E9D230EE-88F0-4EC5-AF40-CEFFB8093251}.Debug|Any CPU.Build.0 = Debug|Any CPU
		{E9D230EE-88F0-4EC5-AF40-CEFFB8093251}.Release|Any CPU.ActiveCfg = Release|Any CPU
		{E9D230EE-88F0-4EC5-AF40-CEFFB8093251}.Release|Any CPU.Build.0 = Release|Any CPU
	EndGlobalSection
	GlobalSection(SolutionProperties) = preSolution
		HideSolutionNode = FALSE
	EndGlobalSection
	GlobalSection(NestedProjects) = preSolution
		{03FE0D34-AC66-4143-AA04-29047E960647} = {5B0DFCCB-A77B-48AF-A50A-5AA3717A6697}
		{A22CF980-9419-413A-8B8B-167BEC71D9FE} = {7421904B-85D4-40C2-ACDD-8A668218CA2D}
		{820CF39B-E80A-4C4B-AD97-F942EDE6EFD2} = {7421904B-85D4-40C2-ACDD-8A668218CA2D}
		{33A9E481-8582-4FF5-9F8F-FCB00BC7DDD1} = {AF5A4BF7-6197-4E0F-B796-EC6630C1C9CD}
		{5C72480A-B147-443B-B75E-C3565EC14077} = {C301ABC8-CB14-4ECE-9927-769C2871C349}
		{C5799DBD-A8D1-48EC-94C2-472D13003EF2} = {5C72480A-B147-443B-B75E-C3565EC14077}
		{FB9A2124-3415-4956-989F-07655813A365} = {5C72480A-B147-443B-B75E-C3565EC14077}
		{9D4F18BA-A1F6-4B92-9693-B6AFF09E3760} = {5C72480A-B147-443B-B75E-C3565EC14077}
		{A17D223D-9707-41D2-A934-A14778AF289D} = {C5799DBD-A8D1-48EC-94C2-472D13003EF2}
		{A8433870-9A32-4255-8A36-F78D4DA6F1F9} = {FB9A2124-3415-4956-989F-07655813A365}
		{E2FDBF5C-F5EC-4C85-A8AB-20D7FE40D278} = {9D4F18BA-A1F6-4B92-9693-B6AFF09E3760}
		{8DB8DAA4-A7EC-45B6-90D4-3803A5847E67} = {9D4F18BA-A1F6-4B92-9693-B6AFF09E3760}
		{AF5A4BF7-6197-4E0F-B796-EC6630C1C9CD} = {C301ABC8-CB14-4ECE-9927-769C2871C349}
		{7421904B-85D4-40C2-ACDD-8A668218CA2D} = {AF5A4BF7-6197-4E0F-B796-EC6630C1C9CD}
		{3D055691-022E-4F62-A674-6E513F2CD0A2} = {AF5A4BF7-6197-4E0F-B796-EC6630C1C9CD}
		{D3D54E8A-6674-4788-A177-55A3C2FFC9FF} = {AF5A4BF7-6197-4E0F-B796-EC6630C1C9CD}
		{E9D230EE-88F0-4EC5-AF40-CEFFB8093251} = {5B0DFCCB-A77B-48AF-A50A-5AA3717A6697}
	EndGlobalSection
	GlobalSection(ExtensibilityGlobals) = postSolution
		SolutionGuid = {053DC44B-CB50-4B57-AEBE-33861B756AAF}
	EndGlobalSection
EndGlobal
