
Microsoft Visual Studio Solution File, Format Version 12.00
# Visual Studio 15
VisualStudioVersion = 15.0.27130.2024
MinimumVisualStudioVersion = 10.0.40219.1
Project("{2150E333-8FDC-42A3-9474-1A3956D46DE8}") = "Tests", "Tests", "{A0095379-E196-4179-B093-CD0B09721BE4}"
EndProject
Project("{9A19103F-16F7-4668-BE54-9A1E7A4F7556}") = "FiftyOne.Pipeline.Core", "FiftyOne.Pipeline.Core\FiftyOne.Pipeline.Core.csproj", "{B82E962E-E523-429A-AC0C-08FAFEB7EAB2}"
EndProject
Project("{9A19103F-16F7-4668-BE54-9A1E7A4F7556}") = "FiftyOne.Pipeline.Engines", "FiftyOne.Pipeline.Engines\FiftyOne.Pipeline.Engines.csproj", "{56B751A1-AB6C-4A28-B85B-3CC27F54A59B}"
EndProject
Project("{9A19103F-16F7-4668-BE54-9A1E7A4F7556}") = "FiftyOne.Pipeline.Engines.TestHelpers", "FiftyOne.Pipeline.Engines.TestHelpers\FiftyOne.Pipeline.Engines.TestHelpers.csproj", "{0938E0EB-3CDE-4E52-AF1E-B0DD2A1C3B89}"
EndProject
Project("{9A19103F-16F7-4668-BE54-9A1E7A4F7556}") = "FiftyOne.Pipeline.Engines.FiftyOne", "FiftyOne.Pipeline.Engines.FiftyOne\FiftyOne.Pipeline.Engines.FiftyOne.csproj", "{261BDAE3-857F-4709-9DE8-B89BFA0DD5AB}"
EndProject
Project("{2150E333-8FDC-42A3-9474-1A3956D46DE8}") = "Examples", "Examples", "{6CCEFD1B-2C07-439B-980F-541F8F92FEA0}"
EndProject
Project("{2150E333-8FDC-42A3-9474-1A3956D46DE8}") = "Core", "Core", "{B274B677-F07B-43AC-AE8C-D4DA82D6FE91}"
EndProject
Project("{2150E333-8FDC-42A3-9474-1A3956D46DE8}") = "Framework", "Framework", "{2FB6A3A0-73D7-4E00-988C-BE0AC8DCE037}"
EndProject
Project("{9A19103F-16F7-4668-BE54-9A1E7A4F7556}") = "FiftyOne.Pipeline.Examples.Tests", "Tests\FiftyOne.Pipeline.Examples.Tests\FiftyOne.Pipeline.Examples.Tests.csproj", "{FB348514-6228-404B-8B73-A5A59693DEAA}"
EndProject
Project("{9A19103F-16F7-4668-BE54-9A1E7A4F7556}") = "FiftyOne.Pipeline.Core.Tests", "Tests\FiftyOne.Pipeline.Core.Tests\FiftyOne.Pipeline.Core.Tests.csproj", "{04CAF121-A8D1-48FB-8CD4-408EB554BD57}"
EndProject
Project("{9A19103F-16F7-4668-BE54-9A1E7A4F7556}") = "FiftyOne.Pipeline.Engines.Tests", "Tests\FiftyOne.Pipeline.Engines.Tests\FiftyOne.Pipeline.Engines.Tests.csproj", "{7DBD8ED0-F532-43CF-85C4-9408D0971F90}"
EndProject
Project("{9A19103F-16F7-4668-BE54-9A1E7A4F7556}") = "FiftyOne.Pipeline.Engines.FiftyOne.Tests", "Tests\FiftyOne.Pipeline.Engines.FiftyOne.Tests\FiftyOne.Pipeline.Engines.FiftyOne.Tests.csproj", "{5161FF64-971E-4A2F-8323-742C19903180}"
EndProject
Project("{9A19103F-16F7-4668-BE54-9A1E7A4F7556}") = "FiftyOne.Pipeline.Examples", "Examples\FiftyOne.Pipeline.Examples\FiftyOne.Pipeline.Examples.csproj", "{B49963FF-8BB4-4CE8-B830-FD381221A0A8}"
EndProject
Project("{FAE04EC0-301F-11D3-BF4B-00C04F79EFBC}") = "FiftyOne.Pipeline.Examples.Caching.Framework", "Examples\FiftyOne.Pipeline.Engines.Examples\Framework\FiftyOne.Pipeline.Examples.Caching\FiftyOne.Pipeline.Examples.Caching.Framework.csproj", "{E76167A2-4251-40DD-968E-FD5B6C8FD163}"
EndProject
Project("{9A19103F-16F7-4668-BE54-9A1E7A4F7556}") = "FiftyOne.Pipeline.Examples.Caching", "Examples\FiftyOne.Pipeline.Engines.Examples\Core\FiftyOne.Pipeline.Examples.Caching\FiftyOne.Pipeline.Examples.Caching.csproj", "{92EC51B6-B1DC-4206-8B0A-E2BE8A64BA8A}"
EndProject
Global
	GlobalSection(SolutionConfigurationPlatforms) = preSolution
		Debug|Any CPU = Debug|Any CPU
		Debug|x64 = Debug|x64
		Debug|x86 = Debug|x86
		Release|Any CPU = Release|Any CPU
		Release|x64 = Release|x64
		Release|x86 = Release|x86
	EndGlobalSection
	GlobalSection(ProjectConfigurationPlatforms) = postSolution
		{B82E962E-E523-429A-AC0C-08FAFEB7EAB2}.Debug|Any CPU.ActiveCfg = Debug|Any CPU
		{B82E962E-E523-429A-AC0C-08FAFEB7EAB2}.Debug|Any CPU.Build.0 = Debug|Any CPU
		{B82E962E-E523-429A-AC0C-08FAFEB7EAB2}.Debug|x64.ActiveCfg = Debug|x64
		{B82E962E-E523-429A-AC0C-08FAFEB7EAB2}.Debug|x64.Build.0 = Debug|x64
		{B82E962E-E523-429A-AC0C-08FAFEB7EAB2}.Debug|x86.ActiveCfg = Debug|x86
		{B82E962E-E523-429A-AC0C-08FAFEB7EAB2}.Debug|x86.Build.0 = Debug|x86
		{B82E962E-E523-429A-AC0C-08FAFEB7EAB2}.Release|Any CPU.ActiveCfg = Release|Any CPU
		{B82E962E-E523-429A-AC0C-08FAFEB7EAB2}.Release|Any CPU.Build.0 = Release|Any CPU
		{B82E962E-E523-429A-AC0C-08FAFEB7EAB2}.Release|x64.ActiveCfg = Release|x64
		{B82E962E-E523-429A-AC0C-08FAFEB7EAB2}.Release|x64.Build.0 = Release|x64
		{B82E962E-E523-429A-AC0C-08FAFEB7EAB2}.Release|x86.ActiveCfg = Release|x86
		{B82E962E-E523-429A-AC0C-08FAFEB7EAB2}.Release|x86.Build.0 = Release|x86
		{56B751A1-AB6C-4A28-B85B-3CC27F54A59B}.Debug|Any CPU.ActiveCfg = Debug|Any CPU
		{56B751A1-AB6C-4A28-B85B-3CC27F54A59B}.Debug|Any CPU.Build.0 = Debug|Any CPU
		{56B751A1-AB6C-4A28-B85B-3CC27F54A59B}.Debug|x64.ActiveCfg = Debug|x64
		{56B751A1-AB6C-4A28-B85B-3CC27F54A59B}.Debug|x64.Build.0 = Debug|x64
		{56B751A1-AB6C-4A28-B85B-3CC27F54A59B}.Debug|x86.ActiveCfg = Debug|x86
		{56B751A1-AB6C-4A28-B85B-3CC27F54A59B}.Debug|x86.Build.0 = Debug|x86
		{56B751A1-AB6C-4A28-B85B-3CC27F54A59B}.Release|Any CPU.ActiveCfg = Release|Any CPU
		{56B751A1-AB6C-4A28-B85B-3CC27F54A59B}.Release|Any CPU.Build.0 = Release|Any CPU
		{56B751A1-AB6C-4A28-B85B-3CC27F54A59B}.Release|x64.ActiveCfg = Release|x64
		{56B751A1-AB6C-4A28-B85B-3CC27F54A59B}.Release|x64.Build.0 = Release|x64
		{56B751A1-AB6C-4A28-B85B-3CC27F54A59B}.Release|x86.ActiveCfg = Release|x86
		{56B751A1-AB6C-4A28-B85B-3CC27F54A59B}.Release|x86.Build.0 = Release|x86
		{0938E0EB-3CDE-4E52-AF1E-B0DD2A1C3B89}.Debug|Any CPU.ActiveCfg = Debug|Any CPU
		{0938E0EB-3CDE-4E52-AF1E-B0DD2A1C3B89}.Debug|Any CPU.Build.0 = Debug|Any CPU
		{0938E0EB-3CDE-4E52-AF1E-B0DD2A1C3B89}.Debug|x64.ActiveCfg = Debug|x64
		{0938E0EB-3CDE-4E52-AF1E-B0DD2A1C3B89}.Debug|x64.Build.0 = Debug|x64
		{0938E0EB-3CDE-4E52-AF1E-B0DD2A1C3B89}.Debug|x86.ActiveCfg = Debug|x86
		{0938E0EB-3CDE-4E52-AF1E-B0DD2A1C3B89}.Debug|x86.Build.0 = Debug|x86
		{0938E0EB-3CDE-4E52-AF1E-B0DD2A1C3B89}.Release|Any CPU.ActiveCfg = Release|Any CPU
		{0938E0EB-3CDE-4E52-AF1E-B0DD2A1C3B89}.Release|Any CPU.Build.0 = Release|Any CPU
		{0938E0EB-3CDE-4E52-AF1E-B0DD2A1C3B89}.Release|x64.ActiveCfg = Release|x64
		{0938E0EB-3CDE-4E52-AF1E-B0DD2A1C3B89}.Release|x64.Build.0 = Release|x64
		{0938E0EB-3CDE-4E52-AF1E-B0DD2A1C3B89}.Release|x86.ActiveCfg = Release|x86
		{0938E0EB-3CDE-4E52-AF1E-B0DD2A1C3B89}.Release|x86.Build.0 = Release|x86
		{261BDAE3-857F-4709-9DE8-B89BFA0DD5AB}.Debug|Any CPU.ActiveCfg = Debug|Any CPU
		{261BDAE3-857F-4709-9DE8-B89BFA0DD5AB}.Debug|Any CPU.Build.0 = Debug|Any CPU
		{261BDAE3-857F-4709-9DE8-B89BFA0DD5AB}.Debug|x64.ActiveCfg = Debug|x64
		{261BDAE3-857F-4709-9DE8-B89BFA0DD5AB}.Debug|x64.Build.0 = Debug|x64
		{261BDAE3-857F-4709-9DE8-B89BFA0DD5AB}.Debug|x86.ActiveCfg = Debug|x86
		{261BDAE3-857F-4709-9DE8-B89BFA0DD5AB}.Debug|x86.Build.0 = Debug|x86
		{261BDAE3-857F-4709-9DE8-B89BFA0DD5AB}.Release|Any CPU.ActiveCfg = Release|Any CPU
		{261BDAE3-857F-4709-9DE8-B89BFA0DD5AB}.Release|Any CPU.Build.0 = Release|Any CPU
		{261BDAE3-857F-4709-9DE8-B89BFA0DD5AB}.Release|x64.ActiveCfg = Release|x64
		{261BDAE3-857F-4709-9DE8-B89BFA0DD5AB}.Release|x64.Build.0 = Release|x64
		{261BDAE3-857F-4709-9DE8-B89BFA0DD5AB}.Release|x86.ActiveCfg = Release|x86
		{261BDAE3-857F-4709-9DE8-B89BFA0DD5AB}.Release|x86.Build.0 = Release|x86
		{FB348514-6228-404B-8B73-A5A59693DEAA}.Debug|Any CPU.ActiveCfg = Debug|Any CPU
		{FB348514-6228-404B-8B73-A5A59693DEAA}.Debug|Any CPU.Build.0 = Debug|Any CPU
		{FB348514-6228-404B-8B73-A5A59693DEAA}.Debug|x64.ActiveCfg = Debug|Any CPU
		{FB348514-6228-404B-8B73-A5A59693DEAA}.Debug|x64.Build.0 = Debug|Any CPU
		{FB348514-6228-404B-8B73-A5A59693DEAA}.Debug|x86.ActiveCfg = Debug|Any CPU
		{FB348514-6228-404B-8B73-A5A59693DEAA}.Debug|x86.Build.0 = Debug|Any CPU
		{FB348514-6228-404B-8B73-A5A59693DEAA}.Release|Any CPU.ActiveCfg = Release|Any CPU
		{FB348514-6228-404B-8B73-A5A59693DEAA}.Release|Any CPU.Build.0 = Release|Any CPU
		{FB348514-6228-404B-8B73-A5A59693DEAA}.Release|x64.ActiveCfg = Release|Any CPU
		{FB348514-6228-404B-8B73-A5A59693DEAA}.Release|x64.Build.0 = Release|Any CPU
		{FB348514-6228-404B-8B73-A5A59693DEAA}.Release|x86.ActiveCfg = Release|Any CPU
		{FB348514-6228-404B-8B73-A5A59693DEAA}.Release|x86.Build.0 = Release|Any CPU
		{04CAF121-A8D1-48FB-8CD4-408EB554BD57}.Debug|Any CPU.ActiveCfg = Debug|Any CPU
		{04CAF121-A8D1-48FB-8CD4-408EB554BD57}.Debug|Any CPU.Build.0 = Debug|Any CPU
		{04CAF121-A8D1-48FB-8CD4-408EB554BD57}.Debug|x64.ActiveCfg = Debug|x64
		{04CAF121-A8D1-48FB-8CD4-408EB554BD57}.Debug|x64.Build.0 = Debug|x64
		{04CAF121-A8D1-48FB-8CD4-408EB554BD57}.Debug|x86.ActiveCfg = Debug|x86
		{04CAF121-A8D1-48FB-8CD4-408EB554BD57}.Debug|x86.Build.0 = Debug|x86
		{04CAF121-A8D1-48FB-8CD4-408EB554BD57}.Release|Any CPU.ActiveCfg = Release|Any CPU
		{04CAF121-A8D1-48FB-8CD4-408EB554BD57}.Release|Any CPU.Build.0 = Release|Any CPU
		{04CAF121-A8D1-48FB-8CD4-408EB554BD57}.Release|x64.ActiveCfg = Release|x64
		{04CAF121-A8D1-48FB-8CD4-408EB554BD57}.Release|x64.Build.0 = Release|x64
		{04CAF121-A8D1-48FB-8CD4-408EB554BD57}.Release|x86.ActiveCfg = Release|x86
		{04CAF121-A8D1-48FB-8CD4-408EB554BD57}.Release|x86.Build.0 = Release|x86
		{7DBD8ED0-F532-43CF-85C4-9408D0971F90}.Debug|Any CPU.ActiveCfg = Debug|Any CPU
		{7DBD8ED0-F532-43CF-85C4-9408D0971F90}.Debug|Any CPU.Build.0 = Debug|Any CPU
		{7DBD8ED0-F532-43CF-85C4-9408D0971F90}.Debug|x64.ActiveCfg = Debug|x64
		{7DBD8ED0-F532-43CF-85C4-9408D0971F90}.Debug|x64.Build.0 = Debug|x64
		{7DBD8ED0-F532-43CF-85C4-9408D0971F90}.Debug|x86.ActiveCfg = Debug|x86
		{7DBD8ED0-F532-43CF-85C4-9408D0971F90}.Debug|x86.Build.0 = Debug|x86
		{7DBD8ED0-F532-43CF-85C4-9408D0971F90}.Release|Any CPU.ActiveCfg = Release|Any CPU
		{7DBD8ED0-F532-43CF-85C4-9408D0971F90}.Release|Any CPU.Build.0 = Release|Any CPU
		{7DBD8ED0-F532-43CF-85C4-9408D0971F90}.Release|x64.ActiveCfg = Release|x64
		{7DBD8ED0-F532-43CF-85C4-9408D0971F90}.Release|x64.Build.0 = Release|x64
		{7DBD8ED0-F532-43CF-85C4-9408D0971F90}.Release|x86.ActiveCfg = Release|x86
		{7DBD8ED0-F532-43CF-85C4-9408D0971F90}.Release|x86.Build.0 = Release|x86
		{5161FF64-971E-4A2F-8323-742C19903180}.Debug|Any CPU.ActiveCfg = Debug|Any CPU
		{5161FF64-971E-4A2F-8323-742C19903180}.Debug|Any CPU.Build.0 = Debug|Any CPU
		{5161FF64-971E-4A2F-8323-742C19903180}.Debug|x64.ActiveCfg = Debug|x64
		{5161FF64-971E-4A2F-8323-742C19903180}.Debug|x64.Build.0 = Debug|x64
		{5161FF64-971E-4A2F-8323-742C19903180}.Debug|x86.ActiveCfg = Debug|x86
		{5161FF64-971E-4A2F-8323-742C19903180}.Debug|x86.Build.0 = Debug|x86
		{5161FF64-971E-4A2F-8323-742C19903180}.Release|Any CPU.ActiveCfg = Release|Any CPU
		{5161FF64-971E-4A2F-8323-742C19903180}.Release|Any CPU.Build.0 = Release|Any CPU
		{5161FF64-971E-4A2F-8323-742C19903180}.Release|x64.ActiveCfg = Release|x64
		{5161FF64-971E-4A2F-8323-742C19903180}.Release|x64.Build.0 = Release|x64
		{5161FF64-971E-4A2F-8323-742C19903180}.Release|x86.ActiveCfg = Release|x86
		{5161FF64-971E-4A2F-8323-742C19903180}.Release|x86.Build.0 = Release|x86
		{B49963FF-8BB4-4CE8-B830-FD381221A0A8}.Debug|Any CPU.ActiveCfg = Debug|Any CPU
		{B49963FF-8BB4-4CE8-B830-FD381221A0A8}.Debug|Any CPU.Build.0 = Debug|Any CPU
		{B49963FF-8BB4-4CE8-B830-FD381221A0A8}.Debug|x64.ActiveCfg = Debug|x64
		{B49963FF-8BB4-4CE8-B830-FD381221A0A8}.Debug|x64.Build.0 = Debug|x64
		{B49963FF-8BB4-4CE8-B830-FD381221A0A8}.Debug|x86.ActiveCfg = Debug|x86
		{B49963FF-8BB4-4CE8-B830-FD381221A0A8}.Debug|x86.Build.0 = Debug|x86
		{B49963FF-8BB4-4CE8-B830-FD381221A0A8}.Release|Any CPU.ActiveCfg = Release|Any CPU
		{B49963FF-8BB4-4CE8-B830-FD381221A0A8}.Release|Any CPU.Build.0 = Release|Any CPU
		{B49963FF-8BB4-4CE8-B830-FD381221A0A8}.Release|x64.ActiveCfg = Release|x64
		{B49963FF-8BB4-4CE8-B830-FD381221A0A8}.Release|x64.Build.0 = Release|x64
		{B49963FF-8BB4-4CE8-B830-FD381221A0A8}.Release|x86.ActiveCfg = Release|x86
		{B49963FF-8BB4-4CE8-B830-FD381221A0A8}.Release|x86.Build.0 = Release|x86
		{E76167A2-4251-40DD-968E-FD5B6C8FD163}.Debug|Any CPU.ActiveCfg = Debug|Any CPU
		{E76167A2-4251-40DD-968E-FD5B6C8FD163}.Debug|Any CPU.Build.0 = Debug|Any CPU
		{E76167A2-4251-40DD-968E-FD5B6C8FD163}.Debug|x64.ActiveCfg = Debug|x64
		{E76167A2-4251-40DD-968E-FD5B6C8FD163}.Debug|x64.Build.0 = Debug|x64
		{E76167A2-4251-40DD-968E-FD5B6C8FD163}.Debug|x86.ActiveCfg = Debug|x86
		{E76167A2-4251-40DD-968E-FD5B6C8FD163}.Debug|x86.Build.0 = Debug|x86
		{E76167A2-4251-40DD-968E-FD5B6C8FD163}.Release|Any CPU.ActiveCfg = Release|Any CPU
		{E76167A2-4251-40DD-968E-FD5B6C8FD163}.Release|Any CPU.Build.0 = Release|Any CPU
		{E76167A2-4251-40DD-968E-FD5B6C8FD163}.Release|x64.ActiveCfg = Release|x64
		{E76167A2-4251-40DD-968E-FD5B6C8FD163}.Release|x64.Build.0 = Release|x64
		{E76167A2-4251-40DD-968E-FD5B6C8FD163}.Release|x86.ActiveCfg = Release|x86
		{E76167A2-4251-40DD-968E-FD5B6C8FD163}.Release|x86.Build.0 = Release|x86
		{92EC51B6-B1DC-4206-8B0A-E2BE8A64BA8A}.Debug|Any CPU.ActiveCfg = Debug|Any CPU
		{92EC51B6-B1DC-4206-8B0A-E2BE8A64BA8A}.Debug|Any CPU.Build.0 = Debug|Any CPU
		{92EC51B6-B1DC-4206-8B0A-E2BE8A64BA8A}.Debug|x64.ActiveCfg = Debug|x64
		{92EC51B6-B1DC-4206-8B0A-E2BE8A64BA8A}.Debug|x64.Build.0 = Debug|x64
		{92EC51B6-B1DC-4206-8B0A-E2BE8A64BA8A}.Debug|x86.ActiveCfg = Debug|x86
		{92EC51B6-B1DC-4206-8B0A-E2BE8A64BA8A}.Debug|x86.Build.0 = Debug|x86
		{92EC51B6-B1DC-4206-8B0A-E2BE8A64BA8A}.Release|Any CPU.ActiveCfg = Release|Any CPU
		{92EC51B6-B1DC-4206-8B0A-E2BE8A64BA8A}.Release|Any CPU.Build.0 = Release|Any CPU
		{92EC51B6-B1DC-4206-8B0A-E2BE8A64BA8A}.Release|x64.ActiveCfg = Release|x64
		{92EC51B6-B1DC-4206-8B0A-E2BE8A64BA8A}.Release|x64.Build.0 = Release|x64
		{92EC51B6-B1DC-4206-8B0A-E2BE8A64BA8A}.Release|x86.ActiveCfg = Release|x86
		{92EC51B6-B1DC-4206-8B0A-E2BE8A64BA8A}.Release|x86.Build.0 = Release|x86
	EndGlobalSection
	GlobalSection(SolutionProperties) = preSolution
		HideSolutionNode = FALSE
	EndGlobalSection
	GlobalSection(NestedProjects) = preSolution
		{0938E0EB-3CDE-4E52-AF1E-B0DD2A1C3B89} = {A0095379-E196-4179-B093-CD0B09721BE4}
		{B274B677-F07B-43AC-AE8C-D4DA82D6FE91} = {6CCEFD1B-2C07-439B-980F-541F8F92FEA0}
		{2FB6A3A0-73D7-4E00-988C-BE0AC8DCE037} = {6CCEFD1B-2C07-439B-980F-541F8F92FEA0}
		{FB348514-6228-404B-8B73-A5A59693DEAA} = {A0095379-E196-4179-B093-CD0B09721BE4}
		{04CAF121-A8D1-48FB-8CD4-408EB554BD57} = {A0095379-E196-4179-B093-CD0B09721BE4}
		{7DBD8ED0-F532-43CF-85C4-9408D0971F90} = {A0095379-E196-4179-B093-CD0B09721BE4}
		{5161FF64-971E-4A2F-8323-742C19903180} = {A0095379-E196-4179-B093-CD0B09721BE4}
		{B49963FF-8BB4-4CE8-B830-FD381221A0A8} = {6CCEFD1B-2C07-439B-980F-541F8F92FEA0}
		{E76167A2-4251-40DD-968E-FD5B6C8FD163} = {2FB6A3A0-73D7-4E00-988C-BE0AC8DCE037}
		{92EC51B6-B1DC-4206-8B0A-E2BE8A64BA8A} = {B274B677-F07B-43AC-AE8C-D4DA82D6FE91}
	EndGlobalSection
	GlobalSection(ExtensibilityGlobals) = postSolution
		SolutionGuid = {DDB32B21-0D34-4C92-894C-BB39BE1BC4F7}
	EndGlobalSection
EndGlobal
