
Microsoft Visual Studio Solution File, Format Version 12.00
# Visual Studio Version 16
VisualStudioVersion = 16.0.29806.167
MinimumVisualStudioVersion = 10.0.40219.1
Project("{2150E333-8FDC-42A3-9474-1A3956D46DE8}") = "Tests", "Tests", "{C6116D6C-546D-44CE-ABA7-857ACF41096A}"
EndProject
Project("{9A19103F-16F7-4668-BE54-9A1E7A4F7556}") = "FiftyOne.Pipeline.JsonBuilder", "FiftyOne.Pipeline.Elements\FiftyOne.Pipeline.JsonBuilderElement\FiftyOne.Pipeline.JsonBuilder.csproj", "{E333A1B1-FCBC-450E-887B-378C94A3B484}"
EndProject
Project("{9A19103F-16F7-4668-BE54-9A1E7A4F7556}") = "FiftyOne.Pipeline.JavaScriptBuilder", "FiftyOne.Pipeline.Elements\FiftyOne.Pipeline.JavaScriptBuilderElement\FiftyOne.Pipeline.JavaScriptBuilder.csproj", "{C723B699-0BDD-4259-83B7-7967E89E3D66}"
EndProject
Project("{9A19103F-16F7-4668-BE54-9A1E7A4F7556}") = "FiftyOne.Pipeline.JavaScriptBuilderElementTests", "FiftyOne.Pipeline.Elements\FiftyOne.Pipeline.JavaScriptBuilderElementTests\FiftyOne.Pipeline.JavaScriptBuilderElementTests.csproj", "{56659845-AC20-4B60-B794-9B48D279A373}"
EndProject
Project("{9A19103F-16F7-4668-BE54-9A1E7A4F7556}") = "FiftyOne.Pipeline.JsonBuilderElementTests", "FiftyOne.Pipeline.Elements\FiftyOne.Pipeline.JsonBuilderElementTests\FiftyOne.Pipeline.JsonBuilderElementTests.csproj", "{E20990A4-8FD2-485A-AEC0-15C17754D597}"
EndProject
Project("{2150E333-8FDC-42A3-9474-1A3956D46DE8}") = "Elements", "Elements", "{90EC0711-1AB5-4A16-B6AC-0395E75D3D2B}"
EndProject
Project("{9A19103F-16F7-4668-BE54-9A1E7A4F7556}") = "FiftyOne.Pipeline.Engines", "FiftyOne.Pipeline.Engines\FiftyOne.Pipeline.Engines.csproj", "{BE991E28-F6EF-43C2-95E2-63B18F4AAA94}"
EndProject
Project("{9A19103F-16F7-4668-BE54-9A1E7A4F7556}") = "FiftyOne.Pipeline.Core", "FiftyOne.Pipeline.Core\FiftyOne.Pipeline.Core.csproj", "{4F8BCC3B-D156-47DC-BB4D-BCB00A8F02A9}"
EndProject
Project("{9A19103F-16F7-4668-BE54-9A1E7A4F7556}") = "FiftyOne.Pipeline.Web.Minify", "FiftyOne.Pipeline.Web.Minify\FiftyOne.Pipeline.Web.Minify.csproj", "{1B66AAA0-9E63-4677-964B-ECB5B50E2684}"
EndProject
Project("{9A19103F-16F7-4668-BE54-9A1E7A4F7556}") = "FiftyOne.Pipeline.Web.Shared", "FiftyOne.Pipeline.Web.Shared\FiftyOne.Pipeline.Web.Shared.csproj", "{89C19891-7B2B-41F2-86F1-F450257586CD}"
EndProject
Global
	GlobalSection(SolutionConfigurationPlatforms) = preSolution
		Debug|Any CPU = Debug|Any CPU
		Release|Any CPU = Release|Any CPU
	EndGlobalSection
	GlobalSection(ProjectConfigurationPlatforms) = postSolution
		{E333A1B1-FCBC-450E-887B-378C94A3B484}.Debug|Any CPU.ActiveCfg = Debug|Any CPU
		{E333A1B1-FCBC-450E-887B-378C94A3B484}.Debug|Any CPU.Build.0 = Debug|Any CPU
		{E333A1B1-FCBC-450E-887B-378C94A3B484}.Release|Any CPU.ActiveCfg = Release|Any CPU
		{E333A1B1-FCBC-450E-887B-378C94A3B484}.Release|Any CPU.Build.0 = Release|Any CPU
		{C723B699-0BDD-4259-83B7-7967E89E3D66}.Debug|Any CPU.ActiveCfg = Debug|Any CPU
		{C723B699-0BDD-4259-83B7-7967E89E3D66}.Debug|Any CPU.Build.0 = Debug|Any CPU
		{C723B699-0BDD-4259-83B7-7967E89E3D66}.Release|Any CPU.ActiveCfg = Release|Any CPU
		{C723B699-0BDD-4259-83B7-7967E89E3D66}.Release|Any CPU.Build.0 = Release|Any CPU
		{56659845-AC20-4B60-B794-9B48D279A373}.Debug|Any CPU.ActiveCfg = Debug|Any CPU
		{56659845-AC20-4B60-B794-9B48D279A373}.Debug|Any CPU.Build.0 = Debug|Any CPU
		{56659845-AC20-4B60-B794-9B48D279A373}.Release|Any CPU.ActiveCfg = Release|Any CPU
		{56659845-AC20-4B60-B794-9B48D279A373}.Release|Any CPU.Build.0 = Release|Any CPU
		{E20990A4-8FD2-485A-AEC0-15C17754D597}.Debug|Any CPU.ActiveCfg = Debug|Any CPU
		{E20990A4-8FD2-485A-AEC0-15C17754D597}.Debug|Any CPU.Build.0 = Debug|Any CPU
		{E20990A4-8FD2-485A-AEC0-15C17754D597}.Release|Any CPU.ActiveCfg = Release|Any CPU
		{E20990A4-8FD2-485A-AEC0-15C17754D597}.Release|Any CPU.Build.0 = Release|Any CPU
		{BE991E28-F6EF-43C2-95E2-63B18F4AAA94}.Debug|Any CPU.ActiveCfg = Debug|Any CPU
		{BE991E28-F6EF-43C2-95E2-63B18F4AAA94}.Debug|Any CPU.Build.0 = Debug|Any CPU
		{BE991E28-F6EF-43C2-95E2-63B18F4AAA94}.Release|Any CPU.ActiveCfg = Release|Any CPU
		{BE991E28-F6EF-43C2-95E2-63B18F4AAA94}.Release|Any CPU.Build.0 = Release|Any CPU
		{4F8BCC3B-D156-47DC-BB4D-BCB00A8F02A9}.Debug|Any CPU.ActiveCfg = Debug|Any CPU
		{4F8BCC3B-D156-47DC-BB4D-BCB00A8F02A9}.Debug|Any CPU.Build.0 = Debug|Any CPU
		{4F8BCC3B-D156-47DC-BB4D-BCB00A8F02A9}.Release|Any CPU.ActiveCfg = Release|Any CPU
		{4F8BCC3B-D156-47DC-BB4D-BCB00A8F02A9}.Release|Any CPU.Build.0 = Release|Any CPU
		{1B66AAA0-9E63-4677-964B-ECB5B50E2684}.Debug|Any CPU.ActiveCfg = Debug|Any CPU
		{1B66AAA0-9E63-4677-964B-ECB5B50E2684}.Debug|Any CPU.Build.0 = Debug|Any CPU
		{1B66AAA0-9E63-4677-964B-ECB5B50E2684}.Release|Any CPU.ActiveCfg = Release|Any CPU
		{1B66AAA0-9E63-4677-964B-ECB5B50E2684}.Release|Any CPU.Build.0 = Release|Any CPU
		{89C19891-7B2B-41F2-86F1-F450257586CD}.Debug|Any CPU.ActiveCfg = Debug|Any CPU
		{89C19891-7B2B-41F2-86F1-F450257586CD}.Debug|Any CPU.Build.0 = Debug|Any CPU
		{89C19891-7B2B-41F2-86F1-F450257586CD}.Release|Any CPU.ActiveCfg = Release|Any CPU
		{89C19891-7B2B-41F2-86F1-F450257586CD}.Release|Any CPU.Build.0 = Release|Any CPU
	EndGlobalSection
	GlobalSection(SolutionProperties) = preSolution
		HideSolutionNode = FALSE
	EndGlobalSection
	GlobalSection(NestedProjects) = preSolution
		{E333A1B1-FCBC-450E-887B-378C94A3B484} = {90EC0711-1AB5-4A16-B6AC-0395E75D3D2B}
		{C723B699-0BDD-4259-83B7-7967E89E3D66} = {90EC0711-1AB5-4A16-B6AC-0395E75D3D2B}
		{56659845-AC20-4B60-B794-9B48D279A373} = {C6116D6C-546D-44CE-ABA7-857ACF41096A}
		{E20990A4-8FD2-485A-AEC0-15C17754D597} = {C6116D6C-546D-44CE-ABA7-857ACF41096A}
	EndGlobalSection
	GlobalSection(ExtensibilityGlobals) = postSolution
		SolutionGuid = {33FA1230-D283-4050-9EA9-51B5449A5006}
	EndGlobalSection
EndGlobal
