
Microsoft Visual Studio Solution File, Format Version 12.00
# Visual Studio 15
VisualStudioVersion = 15.0.28010.2036
MinimumVisualStudioVersion = 10.0.40219.1
Project("{9A19103F-16F7-4668-BE54-9A1E7A4F7556}") = "FiftyOne.Pipeline.CloudRequestEngine", "FiftyOne.Pipeline.CloudRequestEngine\FiftyOne.Pipeline.CloudRequestEngine.csproj", "{EAB6E20C-282D-4DDB-8140-E5EEC7BD16B6}"
EndProject
Project("{9A19103F-16F7-4668-BE54-9A1E7A4F7556}") = "FiftyOne.Pipeline.Core", "FiftyOne.Pipeline.Core\FiftyOne.Pipeline.Core.csproj", "{6307E596-B556-48CC-B1FF-F1827FF913D2}"
EndProject
Project("{9A19103F-16F7-4668-BE54-9A1E7A4F7556}") = "FiftyOne.Pipeline.Engines", "FiftyOne.Pipeline.Engines\FiftyOne.Pipeline.Engines.csproj", "{DC52A550-06C1-4929-88BB-1B4421818056}"
EndProject
Project("{2150E333-8FDC-42A3-9474-1A3956D46DE8}") = "Example", "Example", "{B8538FC6-3541-48BD-961A-48435A4C0450}"
EndProject
Project("{2150E333-8FDC-42A3-9474-1A3956D46DE8}") = "Tests", "Tests", "{EA98A923-50D8-4480-8177-1D5BFA8AE8BA}"
EndProject
Project("{2150E333-8FDC-42A3-9474-1A3956D46DE8}") = "Pipeline", "Pipeline", "{DA004A1D-25AA-40A4-80FB-6AEADF8A0568}"
EndProject
Project("{9A19103F-16F7-4668-BE54-9A1E7A4F7556}") = "FiftyOne.Pipeline.CloudRequestEngine.Tests", "Tests\FiftyOne.Pipeline.CloudRequestEngine.Tests\FiftyOne.Pipeline.CloudRequestEngine.Tests.csproj", "{A7664E83-EA72-4E2B-96FC-DB0F5FE182E5}"
EndProject
Project("{9A19103F-16F7-4668-BE54-9A1E7A4F7556}") = "GettingStarted", "Examples\FiftyOne.Pipeline.CloudRequestEngine.Examples\GettingStarted\GettingStarted.csproj", "{CF1C6AE0-EB85-4A9A-829E-92A166C3874C}"
EndProject
Global
	GlobalSection(SolutionConfigurationPlatforms) = preSolution
		Debug|Any CPU = Debug|Any CPU
		Release|Any CPU = Release|Any CPU
	EndGlobalSection
	GlobalSection(ProjectConfigurationPlatforms) = postSolution
		{EAB6E20C-282D-4DDB-8140-E5EEC7BD16B6}.Debug|Any CPU.ActiveCfg = Debug|Any CPU
		{EAB6E20C-282D-4DDB-8140-E5EEC7BD16B6}.Debug|Any CPU.Build.0 = Debug|Any CPU
		{EAB6E20C-282D-4DDB-8140-E5EEC7BD16B6}.Release|Any CPU.ActiveCfg = Release|Any CPU
		{EAB6E20C-282D-4DDB-8140-E5EEC7BD16B6}.Release|Any CPU.Build.0 = Release|Any CPU
		{6307E596-B556-48CC-B1FF-F1827FF913D2}.Debug|Any CPU.ActiveCfg = Debug|Any CPU
		{6307E596-B556-48CC-B1FF-F1827FF913D2}.Debug|Any CPU.Build.0 = Debug|Any CPU
		{6307E596-B556-48CC-B1FF-F1827FF913D2}.Release|Any CPU.ActiveCfg = Release|Any CPU
		{6307E596-B556-48CC-B1FF-F1827FF913D2}.Release|Any CPU.Build.0 = Release|Any CPU
		{DC52A550-06C1-4929-88BB-1B4421818056}.Debug|Any CPU.ActiveCfg = Debug|Any CPU
		{DC52A550-06C1-4929-88BB-1B4421818056}.Debug|Any CPU.Build.0 = Debug|Any CPU
		{DC52A550-06C1-4929-88BB-1B4421818056}.Release|Any CPU.ActiveCfg = Release|Any CPU
		{DC52A550-06C1-4929-88BB-1B4421818056}.Release|Any CPU.Build.0 = Release|Any CPU
		{A7664E83-EA72-4E2B-96FC-DB0F5FE182E5}.Debug|Any CPU.ActiveCfg = Debug|Any CPU
		{A7664E83-EA72-4E2B-96FC-DB0F5FE182E5}.Debug|Any CPU.Build.0 = Debug|Any CPU
		{A7664E83-EA72-4E2B-96FC-DB0F5FE182E5}.Release|Any CPU.ActiveCfg = Release|Any CPU
		{A7664E83-EA72-4E2B-96FC-DB0F5FE182E5}.Release|Any CPU.Build.0 = Release|Any CPU
		{CF1C6AE0-EB85-4A9A-829E-92A166C3874C}.Debug|Any CPU.ActiveCfg = Debug|Any CPU
		{CF1C6AE0-EB85-4A9A-829E-92A166C3874C}.Debug|Any CPU.Build.0 = Debug|Any CPU
		{CF1C6AE0-EB85-4A9A-829E-92A166C3874C}.Release|Any CPU.ActiveCfg = Release|Any CPU
		{CF1C6AE0-EB85-4A9A-829E-92A166C3874C}.Release|Any CPU.Build.0 = Release|Any CPU
	EndGlobalSection
	GlobalSection(SolutionProperties) = preSolution
		HideSolutionNode = FALSE
	EndGlobalSection
	GlobalSection(NestedProjects) = preSolution
		{6307E596-B556-48CC-B1FF-F1827FF913D2} = {DA004A1D-25AA-40A4-80FB-6AEADF8A0568}
		{DC52A550-06C1-4929-88BB-1B4421818056} = {DA004A1D-25AA-40A4-80FB-6AEADF8A0568}
		{A7664E83-EA72-4E2B-96FC-DB0F5FE182E5} = {EA98A923-50D8-4480-8177-1D5BFA8AE8BA}
		{CF1C6AE0-EB85-4A9A-829E-92A166C3874C} = {B8538FC6-3541-48BD-961A-48435A4C0450}
	EndGlobalSection
	GlobalSection(ExtensibilityGlobals) = postSolution
		SolutionGuid = {E81B942E-FF82-41C5-99C2-73A58CF11721}
	EndGlobalSection
EndGlobal
